// !$*UTF8*$!
{
	archiveVersion = 1;
	classes = {
	};
	objectVersion = 56;
	objects = {

/* Begin PBXBuildFile section */
		9603C9F92B8AB73400F91C21 /* BasicProfileAnimationView.swift in Sources */ = {isa = PBXBuildFile; fileRef = 9603C9F82B8AB73400F91C21 /* BasicProfileAnimationView.swift */; };
		9603C9FB2B8AB79200F91C21 /* HeroItemView.swift in Sources */ = {isa = PBXBuildFile; fileRef = 9603C9FA2B8AB79200F91C21 /* HeroItemView.swift */; };
		9603C9FD2B8ABB0500F91C21 /* MAnchorKey.swift in Sources */ = {isa = PBXBuildFile; fileRef = 9603C9FC2B8ABB0500F91C21 /* MAnchorKey.swift */; };
		9603CA012B8ABDCD00F91C21 /* AnchorKey.swift in Sources */ = {isa = PBXBuildFile; fileRef = 9603CA002B8ABDCD00F91C21 /* AnchorKey.swift */; };
		960D20602BB6A1F8002F1677 /* Todo.swift in Sources */ = {isa = PBXBuildFile; fileRef = 960D205F2BB6A1F8002F1677 /* Todo.swift */; };
		960D20642BB6A36A002F1677 /* TodoView.swift in Sources */ = {isa = PBXBuildFile; fileRef = 960D20632BB6A36A002F1677 /* TodoView.swift */; };
		961F3B8F2B8818240055D79B /* animationApp.swift in Sources */ = {isa = PBXBuildFile; fileRef = 961F3B8E2B8818240055D79B /* animationApp.swift */; };
		961F3B912B8818240055D79B /* ContentView.swift in Sources */ = {isa = PBXBuildFile; fileRef = 961F3B902B8818240055D79B /* ContentView.swift */; };
		961F3B932B8818250055D79B /* Assets.xcassets in Resources */ = {isa = PBXBuildFile; fileRef = 961F3B922B8818250055D79B /* Assets.xcassets */; };
		961F3B962B8818250055D79B /* Preview Assets.xcassets in Resources */ = {isa = PBXBuildFile; fileRef = 961F3B952B8818250055D79B /* Preview Assets.xcassets */; };
		961F3B9D2B8818820055D79B /* HeroWrapperItem.swift in Sources */ = {isa = PBXBuildFile; fileRef = 961F3B9C2B8818820055D79B /* HeroWrapperItem.swift */; };
		961F3BBF2B897A310055D79B /* Profile.swift in Sources */ = {isa = PBXBuildFile; fileRef = 961F3BBE2B897A310055D79B /* Profile.swift */; };
		961F3BC22B897D7D0055D79B /* ProfileListView.swift in Sources */ = {isa = PBXBuildFile; fileRef = 961F3BC12B897D7D0055D79B /* ProfileListView.swift */; };
		968D2D772B8C2B3A00007734 /* ProfileList+SheetView.swift in Sources */ = {isa = PBXBuildFile; fileRef = 968D2D762B8C2B3A00007734 /* ProfileList+SheetView.swift */; };
		968D2D792B8C34CB00007734 /* WindowSharedModel.swift in Sources */ = {isa = PBXBuildFile; fileRef = 968D2D782B8C34CB00007734 /* WindowSharedModel.swift */; };
		968D2D7B2B8C65E500007734 /* WindowSharedModelHeroAnimationView.swift in Sources */ = {isa = PBXBuildFile; fileRef = 968D2D7A2B8C65E500007734 /* WindowSharedModelHeroAnimationView.swift */; };
		968D2E9E2B8EB56500007734 /* Tab.swift in Sources */ = {isa = PBXBuildFile; fileRef = 968D2E9D2B8EB56500007734 /* Tab.swift */; };
		968D2EA02B8EB69800007734 /* AnimatedTabView.swift in Sources */ = {isa = PBXBuildFile; fileRef = 968D2E9F2B8EB69800007734 /* AnimatedTabView.swift */; };
		969A4A7F2BB7DB9B00DDC3CF /* CompletedTaskListView.swift in Sources */ = {isa = PBXBuildFile; fileRef = 969A4A7E2BB7DB9B00DDC3CF /* CompletedTaskListView.swift */; };
		969A4A822BB7DE0500DDC3CF /* TodoRowView.swift in Sources */ = {isa = PBXBuildFile; fileRef = 969A4A812BB7DE0500DDC3CF /* TodoRowView.swift */; };
		969A4A892BB7E9FC00DDC3CF /* WidgetKit.framework in Frameworks */ = {isa = PBXBuildFile; fileRef = 96F9A6852B9E6D7800FD6900 /* WidgetKit.framework */; };
		969A4A8A2BB7E9FC00DDC3CF /* SwiftUI.framework in Frameworks */ = {isa = PBXBuildFile; fileRef = 96F9A6872B9E6D7800FD6900 /* SwiftUI.framework */; };
		969A4A8D2BB7E9FC00DDC3CF /* TodoListBundle.swift in Sources */ = {isa = PBXBuildFile; fileRef = 969A4A8C2BB7E9FC00DDC3CF /* TodoListBundle.swift */; };
		969A4A8F2BB7E9FC00DDC3CF /* TodoList.swift in Sources */ = {isa = PBXBuildFile; fileRef = 969A4A8E2BB7E9FC00DDC3CF /* TodoList.swift */; };
		969A4A912BB7E9FD00DDC3CF /* Assets.xcassets in Resources */ = {isa = PBXBuildFile; fileRef = 969A4A902BB7E9FD00DDC3CF /* Assets.xcassets */; };
		969A4A952BB7E9FD00DDC3CF /* TodoListExtension.appex in Embed Foundation Extensions */ = {isa = PBXBuildFile; fileRef = 969A4A882BB7E9FC00DDC3CF /* TodoListExtension.appex */; settings = {ATTRIBUTES = (RemoveHeadersOnCopy, ); }; };
		969A4A992BB7EA0C00DDC3CF /* Todo.swift in Sources */ = {isa = PBXBuildFile; fileRef = 960D205F2BB6A1F8002F1677 /* Todo.swift */; };
		969A4AA32BBA7E0300DDC3CF /* WidgetKit.framework in Frameworks */ = {isa = PBXBuildFile; fileRef = 96F9A6852B9E6D7800FD6900 /* WidgetKit.framework */; };
		969A4AA42BBA7E0300DDC3CF /* SwiftUI.framework in Frameworks */ = {isa = PBXBuildFile; fileRef = 96F9A6872B9E6D7800FD6900 /* SwiftUI.framework */; };
		969A4AA72BBA7E0300DDC3CF /* GraphWidgetBundle.swift in Sources */ = {isa = PBXBuildFile; fileRef = 969A4AA62BBA7E0300DDC3CF /* GraphWidgetBundle.swift */; };
		969A4AA92BBA7E0300DDC3CF /* GraphWidget.swift in Sources */ = {isa = PBXBuildFile; fileRef = 969A4AA82BBA7E0300DDC3CF /* GraphWidget.swift */; };
		969A4AAB2BBA7E0300DDC3CF /* AppIntent.swift in Sources */ = {isa = PBXBuildFile; fileRef = 969A4AAA2BBA7E0300DDC3CF /* AppIntent.swift */; };
		969A4AAD2BBA7E0400DDC3CF /* Assets.xcassets in Resources */ = {isa = PBXBuildFile; fileRef = 969A4AAC2BBA7E0400DDC3CF /* Assets.xcassets */; };
		969A4AB12BBA7E0400DDC3CF /* GraphWidgetExtension.appex in Embed Foundation Extensions */ = {isa = PBXBuildFile; fileRef = 969A4AA22BBA7E0300DDC3CF /* GraphWidgetExtension.appex */; settings = {ATTRIBUTES = (RemoveHeadersOnCopy, ); }; };
		969A4AB72BBA7FDC00DDC3CF /* Downloads.swift in Sources */ = {isa = PBXBuildFile; fileRef = 969A4AB62BBA7FDC00DDC3CF /* Downloads.swift */; };
		969A4AB92BBA810100DDC3CF /* AppModel.swift in Sources */ = {isa = PBXBuildFile; fileRef = 969A4AB82BBA810100DDC3CF /* AppModel.swift */; };
		969A4ABA2BBA820B00DDC3CF /* AppModel.swift in Sources */ = {isa = PBXBuildFile; fileRef = 969A4AB82BBA810100DDC3CF /* AppModel.swift */; };
		969A4ABB2BBA820E00DDC3CF /* Downloads.swift in Sources */ = {isa = PBXBuildFile; fileRef = 969A4AB62BBA7FDC00DDC3CF /* Downloads.swift */; };
		96C0C2D72B905DDE00F56FF5 /* Card.swift in Sources */ = {isa = PBXBuildFile; fileRef = 96C0C2D62B905DDE00F56FF5 /* Card.swift */; };
		96C0C2D92B905E3500F56FF5 /* CardView.swift in Sources */ = {isa = PBXBuildFile; fileRef = 96C0C2D82B905E3500F56FF5 /* CardView.swift */; };
		96C0C2DB2B9063CF00F56FF5 /* OffsetReader.swift in Sources */ = {isa = PBXBuildFile; fileRef = 96C0C2DA2B9063CF00F56FF5 /* OffsetReader.swift */; };
		96C0C2DD2B906BA500F56FF5 /* ParallelXCardView.swift in Sources */ = {isa = PBXBuildFile; fileRef = 96C0C2DC2B906BA500F56FF5 /* ParallelXCardView.swift */; };
		96E70B0F2B8EBF3100F23A51 /* AppDelegate.swift in Sources */ = {isa = PBXBuildFile; fileRef = 96E70B0E2B8EBF3100F23A51 /* AppDelegate.swift */; };
		96E70B292B8F10CB00F23A51 /* TabStateScrollView.swift in Sources */ = {isa = PBXBuildFile; fileRef = 96E70B282B8F10CB00F23A51 /* TabStateScrollView.swift */; };
		96F9A6862B9E6D7800FD6900 /* WidgetKit.framework in Frameworks */ = {isa = PBXBuildFile; fileRef = 96F9A6852B9E6D7800FD6900 /* WidgetKit.framework */; };
		96F9A6882B9E6D7800FD6900 /* SwiftUI.framework in Frameworks */ = {isa = PBXBuildFile; fileRef = 96F9A6872B9E6D7800FD6900 /* SwiftUI.framework */; };
		96F9A68B2B9E6D7800FD6900 /* TaskWidgetBundle.swift in Sources */ = {isa = PBXBuildFile; fileRef = 96F9A68A2B9E6D7800FD6900 /* TaskWidgetBundle.swift */; };
		96F9A68D2B9E6D7800FD6900 /* TaskWidget.swift in Sources */ = {isa = PBXBuildFile; fileRef = 96F9A68C2B9E6D7800FD6900 /* TaskWidget.swift */; };
		96F9A68F2B9E6D7900FD6900 /* Assets.xcassets in Resources */ = {isa = PBXBuildFile; fileRef = 96F9A68E2B9E6D7900FD6900 /* Assets.xcassets */; };
		96F9A6932B9E6D7900FD6900 /* TaskWidgetExtension.appex in Embed Foundation Extensions */ = {isa = PBXBuildFile; fileRef = 96F9A6832B9E6D7800FD6900 /* TaskWidgetExtension.appex */; settings = {ATTRIBUTES = (RemoveHeadersOnCopy, ); }; };
		96F9A69B2B9E741F00FD6900 /* TaskModel.swift in Sources */ = {isa = PBXBuildFile; fileRef = 96F9A69A2B9E741F00FD6900 /* TaskModel.swift */; };
		96F9A69C2B9E741F00FD6900 /* TaskModel.swift in Sources */ = {isa = PBXBuildFile; fileRef = 96F9A69A2B9E741F00FD6900 /* TaskModel.swift */; };
		96F9A69E2B9E7CF500FD6900 /* ToggleStateIntent.swift in Sources */ = {isa = PBXBuildFile; fileRef = 96F9A69D2B9E7CF500FD6900 /* ToggleStateIntent.swift */; };
		96F9A69F2B9E7CF500FD6900 /* ToggleStateIntent.swift in Sources */ = {isa = PBXBuildFile; fileRef = 96F9A69D2B9E7CF500FD6900 /* ToggleStateIntent.swift */; };
		96FF50972B92FE1700B36142 /* GridView.swift in Sources */ = {isa = PBXBuildFile; fileRef = 96FF50962B92FE1700B36142 /* GridView.swift */; };
		96FF50992B94427000B36142 /* PlayerAnimationView.swift in Sources */ = {isa = PBXBuildFile; fileRef = 96FF50982B94427000B36142 /* PlayerAnimationView.swift */; };
		96FF509B2B94465700B36142 /* PlayerItem.swift in Sources */ = {isa = PBXBuildFile; fileRef = 96FF509A2B94465700B36142 /* PlayerItem.swift */; };
		96FF509D2B944D1B00B36142 /* PlayerConfig.swift in Sources */ = {isa = PBXBuildFile; fileRef = 96FF509C2B944D1B00B36142 /* PlayerConfig.swift */; };
		96FF509F2B944E7300B36142 /* MiniPlayerView.swift in Sources */ = {isa = PBXBuildFile; fileRef = 96FF509E2B944E7300B36142 /* MiniPlayerView.swift */; };
/* End PBXBuildFile section */

/* Begin PBXContainerItemProxy section */
		969A4A932BB7E9FD00DDC3CF /* PBXContainerItemProxy */ = {
			isa = PBXContainerItemProxy;
			containerPortal = 961F3B832B8818240055D79B /* Project object */;
			proxyType = 1;
			remoteGlobalIDString = 969A4A872BB7E9FC00DDC3CF;
			remoteInfo = TodoListExtension;
		};
		969A4AAF2BBA7E0400DDC3CF /* PBXContainerItemProxy */ = {
			isa = PBXContainerItemProxy;
			containerPortal = 961F3B832B8818240055D79B /* Project object */;
			proxyType = 1;
			remoteGlobalIDString = 969A4AA12BBA7E0300DDC3CF;
			remoteInfo = GraphWidgetExtension;
		};
		96F9A6912B9E6D7900FD6900 /* PBXContainerItemProxy */ = {
			isa = PBXContainerItemProxy;
			containerPortal = 961F3B832B8818240055D79B /* Project object */;
			proxyType = 1;
			remoteGlobalIDString = 96F9A6822B9E6D7800FD6900;
			remoteInfo = TaskWidgetExtension;
		};
/* End PBXContainerItemProxy section */

/* Begin PBXCopyFilesBuildPhase section */
		96F9A6942B9E6D7900FD6900 /* Embed Foundation Extensions */ = {
			isa = PBXCopyFilesBuildPhase;
			buildActionMask = 2147483647;
			dstPath = "";
			dstSubfolderSpec = 13;
			files = (
				969A4A952BB7E9FD00DDC3CF /* TodoListExtension.appex in Embed Foundation Extensions */,
				969A4AB12BBA7E0400DDC3CF /* GraphWidgetExtension.appex in Embed Foundation Extensions */,
				96F9A6932B9E6D7900FD6900 /* TaskWidgetExtension.appex in Embed Foundation Extensions */,
			);
			name = "Embed Foundation Extensions";
			runOnlyForDeploymentPostprocessing = 0;
		};
/* End PBXCopyFilesBuildPhase section */

/* Begin PBXFileReference section */
		9603C9F82B8AB73400F91C21 /* BasicProfileAnimationView.swift */ = {isa = PBXFileReference; lastKnownFileType = sourcecode.swift; path = BasicProfileAnimationView.swift; sourceTree = "<group>"; };
		9603C9FA2B8AB79200F91C21 /* HeroItemView.swift */ = {isa = PBXFileReference; lastKnownFileType = sourcecode.swift; path = HeroItemView.swift; sourceTree = "<group>"; };
		9603C9FC2B8ABB0500F91C21 /* MAnchorKey.swift */ = {isa = PBXFileReference; lastKnownFileType = sourcecode.swift; path = MAnchorKey.swift; sourceTree = "<group>"; };
		9603CA002B8ABDCD00F91C21 /* AnchorKey.swift */ = {isa = PBXFileReference; fileEncoding = 4; lastKnownFileType = sourcecode.swift; name = AnchorKey.swift; path = ../../../../.Trash/AnchorKey.swift; sourceTree = "<group>"; };
		960D205F2BB6A1F8002F1677 /* Todo.swift */ = {isa = PBXFileReference; lastKnownFileType = sourcecode.swift; path = Todo.swift; sourceTree = "<group>"; };
		960D20632BB6A36A002F1677 /* TodoView.swift */ = {isa = PBXFileReference; lastKnownFileType = sourcecode.swift; path = TodoView.swift; sourceTree = "<group>"; };
		961F3B8B2B8818240055D79B /* animation.app */ = {isa = PBXFileReference; explicitFileType = wrapper.application; includeInIndex = 0; path = animation.app; sourceTree = BUILT_PRODUCTS_DIR; };
		961F3B8E2B8818240055D79B /* animationApp.swift */ = {isa = PBXFileReference; lastKnownFileType = sourcecode.swift; path = animationApp.swift; sourceTree = "<group>"; };
		961F3B902B8818240055D79B /* ContentView.swift */ = {isa = PBXFileReference; lastKnownFileType = sourcecode.swift; path = ContentView.swift; sourceTree = "<group>"; };
		961F3B922B8818250055D79B /* Assets.xcassets */ = {isa = PBXFileReference; lastKnownFileType = folder.assetcatalog; path = Assets.xcassets; sourceTree = "<group>"; };
		961F3B952B8818250055D79B /* Preview Assets.xcassets */ = {isa = PBXFileReference; lastKnownFileType = folder.assetcatalog; path = "Preview Assets.xcassets"; sourceTree = "<group>"; };
		961F3B9C2B8818820055D79B /* HeroWrapperItem.swift */ = {isa = PBXFileReference; lastKnownFileType = sourcecode.swift; path = HeroWrapperItem.swift; sourceTree = "<group>"; };
		961F3BBE2B897A310055D79B /* Profile.swift */ = {isa = PBXFileReference; lastKnownFileType = sourcecode.swift; path = Profile.swift; sourceTree = "<group>"; };
		961F3BC12B897D7D0055D79B /* ProfileListView.swift */ = {isa = PBXFileReference; lastKnownFileType = sourcecode.swift; path = ProfileListView.swift; sourceTree = "<group>"; };
		968D2D762B8C2B3A00007734 /* ProfileList+SheetView.swift */ = {isa = PBXFileReference; lastKnownFileType = sourcecode.swift; path = "ProfileList+SheetView.swift"; sourceTree = "<group>"; };
		968D2D782B8C34CB00007734 /* WindowSharedModel.swift */ = {isa = PBXFileReference; lastKnownFileType = sourcecode.swift; path = WindowSharedModel.swift; sourceTree = "<group>"; };
		968D2D7A2B8C65E500007734 /* WindowSharedModelHeroAnimationView.swift */ = {isa = PBXFileReference; lastKnownFileType = sourcecode.swift; path = WindowSharedModelHeroAnimationView.swift; sourceTree = "<group>"; };
		968D2E9D2B8EB56500007734 /* Tab.swift */ = {isa = PBXFileReference; lastKnownFileType = sourcecode.swift; path = Tab.swift; sourceTree = "<group>"; };
		968D2E9F2B8EB69800007734 /* AnimatedTabView.swift */ = {isa = PBXFileReference; lastKnownFileType = sourcecode.swift; path = AnimatedTabView.swift; sourceTree = "<group>"; };
		969A4A7E2BB7DB9B00DDC3CF /* CompletedTaskListView.swift */ = {isa = PBXFileReference; lastKnownFileType = sourcecode.swift; path = CompletedTaskListView.swift; sourceTree = "<group>"; };
		969A4A812BB7DE0500DDC3CF /* TodoRowView.swift */ = {isa = PBXFileReference; lastKnownFileType = sourcecode.swift; path = TodoRowView.swift; sourceTree = "<group>"; };
		969A4A882BB7E9FC00DDC3CF /* TodoListExtension.appex */ = {isa = PBXFileReference; explicitFileType = "wrapper.app-extension"; includeInIndex = 0; path = TodoListExtension.appex; sourceTree = BUILT_PRODUCTS_DIR; };
		969A4A8C2BB7E9FC00DDC3CF /* TodoListBundle.swift */ = {isa = PBXFileReference; lastKnownFileType = sourcecode.swift; path = TodoListBundle.swift; sourceTree = "<group>"; };
		969A4A8E2BB7E9FC00DDC3CF /* TodoList.swift */ = {isa = PBXFileReference; lastKnownFileType = sourcecode.swift; path = TodoList.swift; sourceTree = "<group>"; };
		969A4A902BB7E9FD00DDC3CF /* Assets.xcassets */ = {isa = PBXFileReference; lastKnownFileType = folder.assetcatalog; path = Assets.xcassets; sourceTree = "<group>"; };
		969A4A922BB7E9FD00DDC3CF /* Info.plist */ = {isa = PBXFileReference; lastKnownFileType = text.plist.xml; path = Info.plist; sourceTree = "<group>"; };
		969A4A9C2BB7EE2200DDC3CF /* animation.entitlements */ = {isa = PBXFileReference; lastKnownFileType = text.plist.entitlements; path = animation.entitlements; sourceTree = "<group>"; };
		969A4A9D2BB7EEFD00DDC3CF /* TodoListExtension.entitlements */ = {isa = PBXFileReference; lastKnownFileType = text.plist.entitlements; path = TodoListExtension.entitlements; sourceTree = "<group>"; };
		969A4AA22BBA7E0300DDC3CF /* GraphWidgetExtension.appex */ = {isa = PBXFileReference; explicitFileType = "wrapper.app-extension"; includeInIndex = 0; path = GraphWidgetExtension.appex; sourceTree = BUILT_PRODUCTS_DIR; };
		969A4AA62BBA7E0300DDC3CF /* GraphWidgetBundle.swift */ = {isa = PBXFileReference; lastKnownFileType = sourcecode.swift; path = GraphWidgetBundle.swift; sourceTree = "<group>"; };
		969A4AA82BBA7E0300DDC3CF /* GraphWidget.swift */ = {isa = PBXFileReference; lastKnownFileType = sourcecode.swift; path = GraphWidget.swift; sourceTree = "<group>"; };
		969A4AAA2BBA7E0300DDC3CF /* AppIntent.swift */ = {isa = PBXFileReference; lastKnownFileType = sourcecode.swift; path = AppIntent.swift; sourceTree = "<group>"; };
		969A4AAC2BBA7E0400DDC3CF /* Assets.xcassets */ = {isa = PBXFileReference; lastKnownFileType = folder.assetcatalog; path = Assets.xcassets; sourceTree = "<group>"; };
		969A4AAE2BBA7E0400DDC3CF /* Info.plist */ = {isa = PBXFileReference; lastKnownFileType = text.plist.xml; path = Info.plist; sourceTree = "<group>"; };
		969A4AB62BBA7FDC00DDC3CF /* Downloads.swift */ = {isa = PBXFileReference; lastKnownFileType = sourcecode.swift; path = Downloads.swift; sourceTree = "<group>"; };
		969A4AB82BBA810100DDC3CF /* AppModel.swift */ = {isa = PBXFileReference; lastKnownFileType = sourcecode.swift; path = AppModel.swift; sourceTree = "<group>"; };
		96C0C2D62B905DDE00F56FF5 /* Card.swift */ = {isa = PBXFileReference; lastKnownFileType = sourcecode.swift; path = Card.swift; sourceTree = "<group>"; };
		96C0C2D82B905E3500F56FF5 /* CardView.swift */ = {isa = PBXFileReference; lastKnownFileType = sourcecode.swift; path = CardView.swift; sourceTree = "<group>"; };
		96C0C2DA2B9063CF00F56FF5 /* OffsetReader.swift */ = {isa = PBXFileReference; lastKnownFileType = sourcecode.swift; path = OffsetReader.swift; sourceTree = "<group>"; };
		96C0C2DC2B906BA500F56FF5 /* ParallelXCardView.swift */ = {isa = PBXFileReference; lastKnownFileType = sourcecode.swift; path = ParallelXCardView.swift; sourceTree = "<group>"; };
		96E70B0E2B8EBF3100F23A51 /* AppDelegate.swift */ = {isa = PBXFileReference; lastKnownFileType = sourcecode.swift; path = AppDelegate.swift; sourceTree = "<group>"; };
		96E70B282B8F10CB00F23A51 /* TabStateScrollView.swift */ = {isa = PBXFileReference; lastKnownFileType = sourcecode.swift; path = TabStateScrollView.swift; sourceTree = "<group>"; };
		96F9A6832B9E6D7800FD6900 /* TaskWidgetExtension.appex */ = {isa = PBXFileReference; explicitFileType = "wrapper.app-extension"; includeInIndex = 0; path = TaskWidgetExtension.appex; sourceTree = BUILT_PRODUCTS_DIR; };
		96F9A6852B9E6D7800FD6900 /* WidgetKit.framework */ = {isa = PBXFileReference; lastKnownFileType = wrapper.framework; name = WidgetKit.framework; path = System/Library/Frameworks/WidgetKit.framework; sourceTree = SDKROOT; };
		96F9A6872B9E6D7800FD6900 /* SwiftUI.framework */ = {isa = PBXFileReference; lastKnownFileType = wrapper.framework; name = SwiftUI.framework; path = System/Library/Frameworks/SwiftUI.framework; sourceTree = SDKROOT; };
		96F9A68A2B9E6D7800FD6900 /* TaskWidgetBundle.swift */ = {isa = PBXFileReference; lastKnownFileType = sourcecode.swift; path = TaskWidgetBundle.swift; sourceTree = "<group>"; };
		96F9A68C2B9E6D7800FD6900 /* TaskWidget.swift */ = {isa = PBXFileReference; lastKnownFileType = sourcecode.swift; path = TaskWidget.swift; sourceTree = "<group>"; };
		96F9A68E2B9E6D7900FD6900 /* Assets.xcassets */ = {isa = PBXFileReference; lastKnownFileType = folder.assetcatalog; path = Assets.xcassets; sourceTree = "<group>"; };
		96F9A6902B9E6D7900FD6900 /* Info.plist */ = {isa = PBXFileReference; lastKnownFileType = text.plist.xml; path = Info.plist; sourceTree = "<group>"; };
		96F9A69A2B9E741F00FD6900 /* TaskModel.swift */ = {isa = PBXFileReference; lastKnownFileType = sourcecode.swift; path = TaskModel.swift; sourceTree = "<group>"; };
		96F9A69D2B9E7CF500FD6900 /* ToggleStateIntent.swift */ = {isa = PBXFileReference; lastKnownFileType = sourcecode.swift; path = ToggleStateIntent.swift; sourceTree = "<group>"; };
		96FF50962B92FE1700B36142 /* GridView.swift */ = {isa = PBXFileReference; lastKnownFileType = sourcecode.swift; path = GridView.swift; sourceTree = "<group>"; };
		96FF50982B94427000B36142 /* PlayerAnimationView.swift */ = {isa = PBXFileReference; lastKnownFileType = sourcecode.swift; path = PlayerAnimationView.swift; sourceTree = "<group>"; };
		96FF509A2B94465700B36142 /* PlayerItem.swift */ = {isa = PBXFileReference; lastKnownFileType = sourcecode.swift; path = PlayerItem.swift; sourceTree = "<group>"; };
		96FF509C2B944D1B00B36142 /* PlayerConfig.swift */ = {isa = PBXFileReference; lastKnownFileType = sourcecode.swift; path = PlayerConfig.swift; sourceTree = "<group>"; };
		96FF509E2B944E7300B36142 /* MiniPlayerView.swift */ = {isa = PBXFileReference; lastKnownFileType = sourcecode.swift; path = MiniPlayerView.swift; sourceTree = "<group>"; };
/* End PBXFileReference section */

/* Begin PBXFrameworksBuildPhase section */
		961F3B882B8818240055D79B /* Frameworks */ = {
			isa = PBXFrameworksBuildPhase;
			buildActionMask = 2147483647;
			files = (
			);
			runOnlyForDeploymentPostprocessing = 0;
		};
		969A4A852BB7E9FC00DDC3CF /* Frameworks */ = {
			isa = PBXFrameworksBuildPhase;
			buildActionMask = 2147483647;
			files = (
				969A4A8A2BB7E9FC00DDC3CF /* SwiftUI.framework in Frameworks */,
				969A4A892BB7E9FC00DDC3CF /* WidgetKit.framework in Frameworks */,
			);
			runOnlyForDeploymentPostprocessing = 0;
		};
		969A4A9F2BBA7E0300DDC3CF /* Frameworks */ = {
			isa = PBXFrameworksBuildPhase;
			buildActionMask = 2147483647;
			files = (
				969A4AA42BBA7E0300DDC3CF /* SwiftUI.framework in Frameworks */,
				969A4AA32BBA7E0300DDC3CF /* WidgetKit.framework in Frameworks */,
			);
			runOnlyForDeploymentPostprocessing = 0;
		};
		96F9A6802B9E6D7800FD6900 /* Frameworks */ = {
			isa = PBXFrameworksBuildPhase;
			buildActionMask = 2147483647;
			files = (
				96F9A6882B9E6D7800FD6900 /* SwiftUI.framework in Frameworks */,
				96F9A6862B9E6D7800FD6900 /* WidgetKit.framework in Frameworks */,
			);
			runOnlyForDeploymentPostprocessing = 0;
		};
/* End PBXFrameworksBuildPhase section */

/* Begin PBXGroup section */
		960B2BA62B89DB5C002CD328 /* Helpers */ = {
			isa = PBXGroup;
			children = (
				9603CA002B8ABDCD00F91C21 /* AnchorKey.swift */,
				9603C9FC2B8ABB0500F91C21 /* MAnchorKey.swift */,
				96E70B282B8F10CB00F23A51 /* TabStateScrollView.swift */,
			);
			path = Helpers;
			sourceTree = "<group>";
		};
		960D20622BB6A35A002F1677 /* Todo */ = {
			isa = PBXGroup;
			children = (
				960D20632BB6A36A002F1677 /* TodoView.swift */,
				969A4A7E2BB7DB9B00DDC3CF /* CompletedTaskListView.swift */,
				969A4A812BB7DE0500DDC3CF /* TodoRowView.swift */,
			);
			path = Todo;
			sourceTree = "<group>";
		};
		961F3B822B8818240055D79B = {
			isa = PBXGroup;
			children = (
				969A4A9D2BB7EEFD00DDC3CF /* TodoListExtension.entitlements */,
				960B2BA62B89DB5C002CD328 /* Helpers */,
				961F3B8D2B8818240055D79B /* animation */,
				96F9A6892B9E6D7800FD6900 /* TaskWidget */,
				969A4A8B2BB7E9FC00DDC3CF /* TodoList */,
				969A4AA52BBA7E0300DDC3CF /* GraphWidget */,
				96F9A6842B9E6D7800FD6900 /* Frameworks */,
				961F3B8C2B8818240055D79B /* Products */,
			);
			sourceTree = "<group>";
		};
		961F3B8C2B8818240055D79B /* Products */ = {
			isa = PBXGroup;
			children = (
				961F3B8B2B8818240055D79B /* animation.app */,
				96F9A6832B9E6D7800FD6900 /* TaskWidgetExtension.appex */,
				969A4A882BB7E9FC00DDC3CF /* TodoListExtension.appex */,
				969A4AA22BBA7E0300DDC3CF /* GraphWidgetExtension.appex */,
			);
			name = Products;
			sourceTree = "<group>";
		};
		961F3B8D2B8818240055D79B /* animation */ = {
			isa = PBXGroup;
			children = (
				969A4A9C2BB7EE2200DDC3CF /* animation.entitlements */,
				96E70B0E2B8EBF3100F23A51 /* AppDelegate.swift */,
				961F3B8E2B8818240055D79B /* animationApp.swift */,
				961F3B902B8818240055D79B /* ContentView.swift */,
				961F3BC02B897D1C0055D79B /* View */,
				961F3BBD2B8979E70055D79B /* Model */,
				961F3B922B8818250055D79B /* Assets.xcassets */,
				961F3B942B8818250055D79B /* Preview Content */,
			);
			path = animation;
			sourceTree = "<group>";
		};
		961F3B942B8818250055D79B /* Preview Content */ = {
			isa = PBXGroup;
			children = (
				961F3B952B8818250055D79B /* Preview Assets.xcassets */,
			);
			path = "Preview Content";
			sourceTree = "<group>";
		};
		961F3BBD2B8979E70055D79B /* Model */ = {
			isa = PBXGroup;
			children = (
				961F3BBE2B897A310055D79B /* Profile.swift */,
				968D2D782B8C34CB00007734 /* WindowSharedModel.swift */,
				968D2E9D2B8EB56500007734 /* Tab.swift */,
				96C0C2D62B905DDE00F56FF5 /* Card.swift */,
				96C0C2DA2B9063CF00F56FF5 /* OffsetReader.swift */,
				96FF509A2B94465700B36142 /* PlayerItem.swift */,
				96FF509C2B944D1B00B36142 /* PlayerConfig.swift */,
				96F9A69A2B9E741F00FD6900 /* TaskModel.swift */,
				960D205F2BB6A1F8002F1677 /* Todo.swift */,
			);
			path = Model;
			sourceTree = "<group>";
		};
		961F3BC02B897D1C0055D79B /* View */ = {
			isa = PBXGroup;
			children = (
				960D20622BB6A35A002F1677 /* Todo */,
				96E70B102B8EC21200F23A51 /* ProfileView */,
				96E70B0D2B8EBF0000F23A51 /* Tabbar */,
				96C0C2D82B905E3500F56FF5 /* CardView.swift */,
				96C0C2DC2B906BA500F56FF5 /* ParallelXCardView.swift */,
				96FF50962B92FE1700B36142 /* GridView.swift */,
				96FF50982B94427000B36142 /* PlayerAnimationView.swift */,
				96FF509E2B944E7300B36142 /* MiniPlayerView.swift */,
			);
			path = View;
			sourceTree = "<group>";
		};
		969A4A8B2BB7E9FC00DDC3CF /* TodoList */ = {
			isa = PBXGroup;
			children = (
				969A4A8C2BB7E9FC00DDC3CF /* TodoListBundle.swift */,
				969A4A8E2BB7E9FC00DDC3CF /* TodoList.swift */,
				969A4A902BB7E9FD00DDC3CF /* Assets.xcassets */,
				969A4A922BB7E9FD00DDC3CF /* Info.plist */,
			);
			path = TodoList;
			sourceTree = "<group>";
		};
		969A4AA52BBA7E0300DDC3CF /* GraphWidget */ = {
			isa = PBXGroup;
			children = (
				969A4AB52BBA7FCE00DDC3CF /* Model */,
				969A4AA62BBA7E0300DDC3CF /* GraphWidgetBundle.swift */,
				969A4AA82BBA7E0300DDC3CF /* GraphWidget.swift */,
				969A4AAA2BBA7E0300DDC3CF /* AppIntent.swift */,
				969A4AAC2BBA7E0400DDC3CF /* Assets.xcassets */,
				969A4AAE2BBA7E0400DDC3CF /* Info.plist */,
			);
			path = GraphWidget;
			sourceTree = "<group>";
		};
		969A4AB52BBA7FCE00DDC3CF /* Model */ = {
			isa = PBXGroup;
			children = (
				969A4AB62BBA7FDC00DDC3CF /* Downloads.swift */,
				969A4AB82BBA810100DDC3CF /* AppModel.swift */,
			);
			path = Model;
			sourceTree = "<group>";
		};
		96E70B0D2B8EBF0000F23A51 /* Tabbar */ = {
			isa = PBXGroup;
			children = (
				968D2E9F2B8EB69800007734 /* AnimatedTabView.swift */,
			);
			path = Tabbar;
			sourceTree = "<group>";
		};
		96E70B102B8EC21200F23A51 /* ProfileView */ = {
			isa = PBXGroup;
			children = (
				9603C9FA2B8AB79200F91C21 /* HeroItemView.swift */,
				961F3BC12B897D7D0055D79B /* ProfileListView.swift */,
				9603C9F82B8AB73400F91C21 /* BasicProfileAnimationView.swift */,
				961F3B9C2B8818820055D79B /* HeroWrapperItem.swift */,
				968D2D762B8C2B3A00007734 /* ProfileList+SheetView.swift */,
				968D2D7A2B8C65E500007734 /* WindowSharedModelHeroAnimationView.swift */,
			);
			path = ProfileView;
			sourceTree = "<group>";
		};
		96F9A6842B9E6D7800FD6900 /* Frameworks */ = {
			isa = PBXGroup;
			children = (
				96F9A6852B9E6D7800FD6900 /* WidgetKit.framework */,
				96F9A6872B9E6D7800FD6900 /* SwiftUI.framework */,
			);
			name = Frameworks;
			sourceTree = "<group>";
		};
		96F9A6892B9E6D7800FD6900 /* TaskWidget */ = {
			isa = PBXGroup;
			children = (
				96F9A68A2B9E6D7800FD6900 /* TaskWidgetBundle.swift */,
				96F9A68C2B9E6D7800FD6900 /* TaskWidget.swift */,
				96F9A68E2B9E6D7900FD6900 /* Assets.xcassets */,
				96F9A6902B9E6D7900FD6900 /* Info.plist */,
				96F9A69D2B9E7CF500FD6900 /* ToggleStateIntent.swift */,
			);
			path = TaskWidget;
			sourceTree = "<group>";
		};
/* End PBXGroup section */

/* Begin PBXNativeTarget section */
		961F3B8A2B8818240055D79B /* animation */ = {
			isa = PBXNativeTarget;
			buildConfigurationList = 961F3B992B8818250055D79B /* Build configuration list for PBXNativeTarget "animation" */;
			buildPhases = (
				961F3B872B8818240055D79B /* Sources */,
				961F3B882B8818240055D79B /* Frameworks */,
				961F3B892B8818240055D79B /* Resources */,
				96F9A6942B9E6D7900FD6900 /* Embed Foundation Extensions */,
			);
			buildRules = (
			);
			dependencies = (
				96F9A6922B9E6D7900FD6900 /* PBXTargetDependency */,
				969A4A942BB7E9FD00DDC3CF /* PBXTargetDependency */,
				969A4AB02BBA7E0400DDC3CF /* PBXTargetDependency */,
			);
			name = animation;
			productName = animation;
			productReference = 961F3B8B2B8818240055D79B /* animation.app */;
			productType = "com.apple.product-type.application";
		};
		969A4A872BB7E9FC00DDC3CF /* TodoListExtension */ = {
			isa = PBXNativeTarget;
			buildConfigurationList = 969A4A962BB7E9FD00DDC3CF /* Build configuration list for PBXNativeTarget "TodoListExtension" */;
			buildPhases = (
				969A4A842BB7E9FC00DDC3CF /* Sources */,
				969A4A852BB7E9FC00DDC3CF /* Frameworks */,
				969A4A862BB7E9FC00DDC3CF /* Resources */,
			);
			buildRules = (
			);
			dependencies = (
			);
			name = TodoListExtension;
			productName = TodoListExtension;
			productReference = 969A4A882BB7E9FC00DDC3CF /* TodoListExtension.appex */;
			productType = "com.apple.product-type.app-extension";
		};
		969A4AA12BBA7E0300DDC3CF /* GraphWidgetExtension */ = {
			isa = PBXNativeTarget;
			buildConfigurationList = 969A4AB42BBA7E0400DDC3CF /* Build configuration list for PBXNativeTarget "GraphWidgetExtension" */;
			buildPhases = (
				969A4A9E2BBA7E0300DDC3CF /* Sources */,
				969A4A9F2BBA7E0300DDC3CF /* Frameworks */,
				969A4AA02BBA7E0300DDC3CF /* Resources */,
			);
			buildRules = (
			);
			dependencies = (
			);
			name = GraphWidgetExtension;
			productName = GraphWidgetExtension;
			productReference = 969A4AA22BBA7E0300DDC3CF /* GraphWidgetExtension.appex */;
			productType = "com.apple.product-type.app-extension";
		};
		96F9A6822B9E6D7800FD6900 /* TaskWidgetExtension */ = {
			isa = PBXNativeTarget;
			buildConfigurationList = 96F9A6972B9E6D7900FD6900 /* Build configuration list for PBXNativeTarget "TaskWidgetExtension" */;
			buildPhases = (
				96F9A67F2B9E6D7800FD6900 /* Sources */,
				96F9A6802B9E6D7800FD6900 /* Frameworks */,
				96F9A6812B9E6D7800FD6900 /* Resources */,
			);
			buildRules = (
			);
			dependencies = (
			);
			name = TaskWidgetExtension;
			productName = TaskWidgetExtension;
			productReference = 96F9A6832B9E6D7800FD6900 /* TaskWidgetExtension.appex */;
			productType = "com.apple.product-type.app-extension";
		};
/* End PBXNativeTarget section */

/* Begin PBXProject section */
		961F3B832B8818240055D79B /* Project object */ = {
			isa = PBXProject;
			attributes = {
				BuildIndependentTargetsInParallel = 1;
				LastSwiftUpdateCheck = 1530;
				LastUpgradeCheck = 1510;
				TargetAttributes = {
					961F3B8A2B8818240055D79B = {
						CreatedOnToolsVersion = 15.1;
					};
					969A4A872BB7E9FC00DDC3CF = {
						CreatedOnToolsVersion = 15.3;
					};
					969A4AA12BBA7E0300DDC3CF = {
						CreatedOnToolsVersion = 15.3;
					};
					96F9A6822B9E6D7800FD6900 = {
						CreatedOnToolsVersion = 15.1;
					};
				};
			};
			buildConfigurationList = 961F3B862B8818240055D79B /* Build configuration list for PBXProject "animation" */;
			compatibilityVersion = "Xcode 14.0";
			developmentRegion = en;
			hasScannedForEncodings = 0;
			knownRegions = (
				en,
				Base,
			);
			mainGroup = 961F3B822B8818240055D79B;
			productRefGroup = 961F3B8C2B8818240055D79B /* Products */;
			projectDirPath = "";
			projectRoot = "";
			targets = (
				961F3B8A2B8818240055D79B /* animation */,
				96F9A6822B9E6D7800FD6900 /* TaskWidgetExtension */,
				969A4A872BB7E9FC00DDC3CF /* TodoListExtension */,
				969A4AA12BBA7E0300DDC3CF /* GraphWidgetExtension */,
			);
		};
/* End PBXProject section */

/* Begin PBXResourcesBuildPhase section */
		961F3B892B8818240055D79B /* Resources */ = {
			isa = PBXResourcesBuildPhase;
			buildActionMask = 2147483647;
			files = (
				961F3B962B8818250055D79B /* Preview Assets.xcassets in Resources */,
				961F3B932B8818250055D79B /* Assets.xcassets in Resources */,
			);
			runOnlyForDeploymentPostprocessing = 0;
		};
		969A4A862BB7E9FC00DDC3CF /* Resources */ = {
			isa = PBXResourcesBuildPhase;
			buildActionMask = 2147483647;
			files = (
				969A4A912BB7E9FD00DDC3CF /* Assets.xcassets in Resources */,
			);
			runOnlyForDeploymentPostprocessing = 0;
		};
		969A4AA02BBA7E0300DDC3CF /* Resources */ = {
			isa = PBXResourcesBuildPhase;
			buildActionMask = 2147483647;
			files = (
				969A4AAD2BBA7E0400DDC3CF /* Assets.xcassets in Resources */,
			);
			runOnlyForDeploymentPostprocessing = 0;
		};
		96F9A6812B9E6D7800FD6900 /* Resources */ = {
			isa = PBXResourcesBuildPhase;
			buildActionMask = 2147483647;
			files = (
				96F9A68F2B9E6D7900FD6900 /* Assets.xcassets in Resources */,
			);
			runOnlyForDeploymentPostprocessing = 0;
		};
/* End PBXResourcesBuildPhase section */

/* Begin PBXSourcesBuildPhase section */
		961F3B872B8818240055D79B /* Sources */ = {
			isa = PBXSourcesBuildPhase;
			buildActionMask = 2147483647;
			files = (
				96FF50992B94427000B36142 /* PlayerAnimationView.swift in Sources */,
				968D2D7B2B8C65E500007734 /* WindowSharedModelHeroAnimationView.swift in Sources */,
				968D2D772B8C2B3A00007734 /* ProfileList+SheetView.swift in Sources */,
				961F3BC22B897D7D0055D79B /* ProfileListView.swift in Sources */,
				96E70B0F2B8EBF3100F23A51 /* AppDelegate.swift in Sources */,
				96FF509B2B94465700B36142 /* PlayerItem.swift in Sources */,
				961F3B912B8818240055D79B /* ContentView.swift in Sources */,
				960D20602BB6A1F8002F1677 /* Todo.swift in Sources */,
				96E70B292B8F10CB00F23A51 /* TabStateScrollView.swift in Sources */,
				96C0C2D72B905DDE00F56FF5 /* Card.swift in Sources */,
				9603C9FD2B8ABB0500F91C21 /* MAnchorKey.swift in Sources */,
				96F9A69B2B9E741F00FD6900 /* TaskModel.swift in Sources */,
				969A4A822BB7DE0500DDC3CF /* TodoRowView.swift in Sources */,
				969A4AB92BBA810100DDC3CF /* AppModel.swift in Sources */,
				961F3BBF2B897A310055D79B /* Profile.swift in Sources */,
				961F3B9D2B8818820055D79B /* HeroWrapperItem.swift in Sources */,
				96FF50972B92FE1700B36142 /* GridView.swift in Sources */,
				96FF509F2B944E7300B36142 /* MiniPlayerView.swift in Sources */,
				96C0C2D92B905E3500F56FF5 /* CardView.swift in Sources */,
				968D2E9E2B8EB56500007734 /* Tab.swift in Sources */,
				96C0C2DB2B9063CF00F56FF5 /* OffsetReader.swift in Sources */,
				960D20642BB6A36A002F1677 /* TodoView.swift in Sources */,
				969A4AB72BBA7FDC00DDC3CF /* Downloads.swift in Sources */,
				96FF509D2B944D1B00B36142 /* PlayerConfig.swift in Sources */,
				9603C9FB2B8AB79200F91C21 /* HeroItemView.swift in Sources */,
				961F3B8F2B8818240055D79B /* animationApp.swift in Sources */,
				969A4A7F2BB7DB9B00DDC3CF /* CompletedTaskListView.swift in Sources */,
				968D2D792B8C34CB00007734 /* WindowSharedModel.swift in Sources */,
				96C0C2DD2B906BA500F56FF5 /* ParallelXCardView.swift in Sources */,
				96F9A69E2B9E7CF500FD6900 /* ToggleStateIntent.swift in Sources */,
				9603C9F92B8AB73400F91C21 /* BasicProfileAnimationView.swift in Sources */,
				9603CA012B8ABDCD00F91C21 /* AnchorKey.swift in Sources */,
				968D2EA02B8EB69800007734 /* AnimatedTabView.swift in Sources */,
			);
			runOnlyForDeploymentPostprocessing = 0;
		};
		969A4A842BB7E9FC00DDC3CF /* Sources */ = {
			isa = PBXSourcesBuildPhase;
			buildActionMask = 2147483647;
			files = (
				969A4A8D2BB7E9FC00DDC3CF /* TodoListBundle.swift in Sources */,
				969A4A992BB7EA0C00DDC3CF /* Todo.swift in Sources */,
				969A4A8F2BB7E9FC00DDC3CF /* TodoList.swift in Sources */,
			);
			runOnlyForDeploymentPostprocessing = 0;
		};
		969A4A9E2BBA7E0300DDC3CF /* Sources */ = {
			isa = PBXSourcesBuildPhase;
			buildActionMask = 2147483647;
			files = (
				969A4AA92BBA7E0300DDC3CF /* GraphWidget.swift in Sources */,
				969A4ABB2BBA820E00DDC3CF /* Downloads.swift in Sources */,
				969A4AA72BBA7E0300DDC3CF /* GraphWidgetBundle.swift in Sources */,
				969A4AAB2BBA7E0300DDC3CF /* AppIntent.swift in Sources */,
				969A4ABA2BBA820B00DDC3CF /* AppModel.swift in Sources */,
			);
			runOnlyForDeploymentPostprocessing = 0;
		};
		96F9A67F2B9E6D7800FD6900 /* Sources */ = {
			isa = PBXSourcesBuildPhase;
			buildActionMask = 2147483647;
			files = (
				96F9A69C2B9E741F00FD6900 /* TaskModel.swift in Sources */,
				96F9A68D2B9E6D7800FD6900 /* TaskWidget.swift in Sources */,
				96F9A68B2B9E6D7800FD6900 /* TaskWidgetBundle.swift in Sources */,
				96F9A69F2B9E7CF500FD6900 /* ToggleStateIntent.swift in Sources */,
			);
			runOnlyForDeploymentPostprocessing = 0;
		};
/* End PBXSourcesBuildPhase section */

/* Begin PBXTargetDependency section */
		969A4A942BB7E9FD00DDC3CF /* PBXTargetDependency */ = {
			isa = PBXTargetDependency;
			target = 969A4A872BB7E9FC00DDC3CF /* TodoListExtension */;
			targetProxy = 969A4A932BB7E9FD00DDC3CF /* PBXContainerItemProxy */;
		};
		969A4AB02BBA7E0400DDC3CF /* PBXTargetDependency */ = {
			isa = PBXTargetDependency;
			target = 969A4AA12BBA7E0300DDC3CF /* GraphWidgetExtension */;
			targetProxy = 969A4AAF2BBA7E0400DDC3CF /* PBXContainerItemProxy */;
		};
		96F9A6922B9E6D7900FD6900 /* PBXTargetDependency */ = {
			isa = PBXTargetDependency;
			target = 96F9A6822B9E6D7800FD6900 /* TaskWidgetExtension */;
			targetProxy = 96F9A6912B9E6D7900FD6900 /* PBXContainerItemProxy */;
		};
/* End PBXTargetDependency section */

/* Begin XCBuildConfiguration section */
		961F3B972B8818250055D79B /* Debug */ = {
			isa = XCBuildConfiguration;
			buildSettings = {
				ALWAYS_SEARCH_USER_PATHS = NO;
				ASSETCATALOG_COMPILER_GENERATE_SWIFT_ASSET_SYMBOL_EXTENSIONS = YES;
				CLANG_ANALYZER_NONNULL = YES;
				CLANG_ANALYZER_NUMBER_OBJECT_CONVERSION = YES_AGGRESSIVE;
				CLANG_CXX_LANGUAGE_STANDARD = "gnu++20";
				CLANG_ENABLE_MODULES = YES;
				CLANG_ENABLE_OBJC_ARC = YES;
				CLANG_ENABLE_OBJC_WEAK = YES;
				CLANG_WARN_BLOCK_CAPTURE_AUTORELEASING = YES;
				CLANG_WARN_BOOL_CONVERSION = YES;
				CLANG_WARN_COMMA = YES;
				CLANG_WARN_CONSTANT_CONVERSION = YES;
				CLANG_WARN_DEPRECATED_OBJC_IMPLEMENTATIONS = YES;
				CLANG_WARN_DIRECT_OBJC_ISA_USAGE = YES_ERROR;
				CLANG_WARN_DOCUMENTATION_COMMENTS = YES;
				CLANG_WARN_EMPTY_BODY = YES;
				CLANG_WARN_ENUM_CONVERSION = YES;
				CLANG_WARN_INFINITE_RECURSION = YES;
				CLANG_WARN_INT_CONVERSION = YES;
				CLANG_WARN_NON_LITERAL_NULL_CONVERSION = YES;
				CLANG_WARN_OBJC_IMPLICIT_RETAIN_SELF = YES;
				CLANG_WARN_OBJC_LITERAL_CONVERSION = YES;
				CLANG_WARN_OBJC_ROOT_CLASS = YES_ERROR;
				CLANG_WARN_QUOTED_INCLUDE_IN_FRAMEWORK_HEADER = YES;
				CLANG_WARN_RANGE_LOOP_ANALYSIS = YES;
				CLANG_WARN_STRICT_PROTOTYPES = YES;
				CLANG_WARN_SUSPICIOUS_MOVE = YES;
				CLANG_WARN_UNGUARDED_AVAILABILITY = YES_AGGRESSIVE;
				CLANG_WARN_UNREACHABLE_CODE = YES;
				CLANG_WARN__DUPLICATE_METHOD_MATCH = YES;
				COPY_PHASE_STRIP = NO;
				DEBUG_INFORMATION_FORMAT = dwarf;
				ENABLE_STRICT_OBJC_MSGSEND = YES;
				ENABLE_TESTABILITY = YES;
				ENABLE_USER_SCRIPT_SANDBOXING = YES;
				GCC_C_LANGUAGE_STANDARD = gnu17;
				GCC_DYNAMIC_NO_PIC = NO;
				GCC_NO_COMMON_BLOCKS = YES;
				GCC_OPTIMIZATION_LEVEL = 0;
				GCC_PREPROCESSOR_DEFINITIONS = (
					"DEBUG=1",
					"$(inherited)",
				);
				GCC_WARN_64_TO_32_BIT_CONVERSION = YES;
				GCC_WARN_ABOUT_RETURN_TYPE = YES_ERROR;
				GCC_WARN_UNDECLARED_SELECTOR = YES;
				GCC_WARN_UNINITIALIZED_AUTOS = YES_AGGRESSIVE;
				GCC_WARN_UNUSED_FUNCTION = YES;
				GCC_WARN_UNUSED_VARIABLE = YES;
				IPHONEOS_DEPLOYMENT_TARGET = 17.2;
				LOCALIZATION_PREFERS_STRING_CATALOGS = YES;
				MTL_ENABLE_DEBUG_INFO = INCLUDE_SOURCE;
				MTL_FAST_MATH = YES;
				ONLY_ACTIVE_ARCH = YES;
				SDKROOT = iphoneos;
				SWIFT_ACTIVE_COMPILATION_CONDITIONS = "DEBUG $(inherited)";
				SWIFT_OPTIMIZATION_LEVEL = "-Onone";
			};
			name = Debug;
		};
		961F3B982B8818250055D79B /* Release */ = {
			isa = XCBuildConfiguration;
			buildSettings = {
				ALWAYS_SEARCH_USER_PATHS = NO;
				ASSETCATALOG_COMPILER_GENERATE_SWIFT_ASSET_SYMBOL_EXTENSIONS = YES;
				CLANG_ANALYZER_NONNULL = YES;
				CLANG_ANALYZER_NUMBER_OBJECT_CONVERSION = YES_AGGRESSIVE;
				CLANG_CXX_LANGUAGE_STANDARD = "gnu++20";
				CLANG_ENABLE_MODULES = YES;
				CLANG_ENABLE_OBJC_ARC = YES;
				CLANG_ENABLE_OBJC_WEAK = YES;
				CLANG_WARN_BLOCK_CAPTURE_AUTORELEASING = YES;
				CLANG_WARN_BOOL_CONVERSION = YES;
				CLANG_WARN_COMMA = YES;
				CLANG_WARN_CONSTANT_CONVERSION = YES;
				CLANG_WARN_DEPRECATED_OBJC_IMPLEMENTATIONS = YES;
				CLANG_WARN_DIRECT_OBJC_ISA_USAGE = YES_ERROR;
				CLANG_WARN_DOCUMENTATION_COMMENTS = YES;
				CLANG_WARN_EMPTY_BODY = YES;
				CLANG_WARN_ENUM_CONVERSION = YES;
				CLANG_WARN_INFINITE_RECURSION = YES;
				CLANG_WARN_INT_CONVERSION = YES;
				CLANG_WARN_NON_LITERAL_NULL_CONVERSION = YES;
				CLANG_WARN_OBJC_IMPLICIT_RETAIN_SELF = YES;
				CLANG_WARN_OBJC_LITERAL_CONVERSION = YES;
				CLANG_WARN_OBJC_ROOT_CLASS = YES_ERROR;
				CLANG_WARN_QUOTED_INCLUDE_IN_FRAMEWORK_HEADER = YES;
				CLANG_WARN_RANGE_LOOP_ANALYSIS = YES;
				CLANG_WARN_STRICT_PROTOTYPES = YES;
				CLANG_WARN_SUSPICIOUS_MOVE = YES;
				CLANG_WARN_UNGUARDED_AVAILABILITY = YES_AGGRESSIVE;
				CLANG_WARN_UNREACHABLE_CODE = YES;
				CLANG_WARN__DUPLICATE_METHOD_MATCH = YES;
				COPY_PHASE_STRIP = NO;
				DEBUG_INFORMATION_FORMAT = "dwarf-with-dsym";
				ENABLE_NS_ASSERTIONS = NO;
				ENABLE_STRICT_OBJC_MSGSEND = YES;
				ENABLE_USER_SCRIPT_SANDBOXING = YES;
				GCC_C_LANGUAGE_STANDARD = gnu17;
				GCC_NO_COMMON_BLOCKS = YES;
				GCC_WARN_64_TO_32_BIT_CONVERSION = YES;
				GCC_WARN_ABOUT_RETURN_TYPE = YES_ERROR;
				GCC_WARN_UNDECLARED_SELECTOR = YES;
				GCC_WARN_UNINITIALIZED_AUTOS = YES_AGGRESSIVE;
				GCC_WARN_UNUSED_FUNCTION = YES;
				GCC_WARN_UNUSED_VARIABLE = YES;
				IPHONEOS_DEPLOYMENT_TARGET = 17.2;
				LOCALIZATION_PREFERS_STRING_CATALOGS = YES;
				MTL_ENABLE_DEBUG_INFO = NO;
				MTL_FAST_MATH = YES;
				SDKROOT = iphoneos;
				SWIFT_COMPILATION_MODE = wholemodule;
				VALIDATE_PRODUCT = YES;
			};
			name = Release;
		};
		961F3B9A2B8818250055D79B /* Debug */ = {
			isa = XCBuildConfiguration;
			buildSettings = {
				ALWAYS_EMBED_SWIFT_STANDARD_LIBRARIES = YES;
				ASSETCATALOG_COMPILER_APPICON_NAME = AppIcon;
				ASSETCATALOG_COMPILER_GLOBAL_ACCENT_COLOR_NAME = AccentColor;
				CODE_SIGN_ENTITLEMENTS = animation/animation.entitlements;
				CODE_SIGN_STYLE = Automatic;
				CURRENT_PROJECT_VERSION = 1;
				DEVELOPMENT_ASSET_PATHS = "\"animation/Preview Content\"";
				DEVELOPMENT_TEAM = Z5RJ99BFF2;
				ENABLE_PREVIEWS = YES;
				GENERATE_INFOPLIST_FILE = YES;
				INFOPLIST_KEY_UIApplicationSceneManifest_Generation = YES;
				INFOPLIST_KEY_UIApplicationSupportsIndirectInputEvents = YES;
				INFOPLIST_KEY_UILaunchScreen_Generation = YES;
				INFOPLIST_KEY_UISupportedInterfaceOrientations_iPad = "UIInterfaceOrientationPortrait UIInterfaceOrientationPortraitUpsideDown UIInterfaceOrientationLandscapeLeft UIInterfaceOrientationLandscapeRight";
				INFOPLIST_KEY_UISupportedInterfaceOrientations_iPhone = "UIInterfaceOrientationPortrait UIInterfaceOrientationLandscapeLeft UIInterfaceOrientationLandscapeRight";
				LD_RUNPATH_SEARCH_PATHS = (
					"$(inherited)",
					"@executable_path/Frameworks",
				);
				MARKETING_VERSION = 1.0;
				PRODUCT_BUNDLE_IDENTIFIER = nanachi.animation;
				PRODUCT_NAME = "$(TARGET_NAME)";
				SWIFT_EMIT_LOC_STRINGS = YES;
				SWIFT_VERSION = 5.0;
				TARGETED_DEVICE_FAMILY = "1,2";
			};
			name = Debug;
		};
		961F3B9B2B8818250055D79B /* Release */ = {
			isa = XCBuildConfiguration;
			buildSettings = {
				ALWAYS_EMBED_SWIFT_STANDARD_LIBRARIES = YES;
				ASSETCATALOG_COMPILER_APPICON_NAME = AppIcon;
				ASSETCATALOG_COMPILER_GLOBAL_ACCENT_COLOR_NAME = AccentColor;
				CODE_SIGN_ENTITLEMENTS = animation/animation.entitlements;
				CODE_SIGN_STYLE = Automatic;
				CURRENT_PROJECT_VERSION = 1;
				DEVELOPMENT_ASSET_PATHS = "\"animation/Preview Content\"";
				DEVELOPMENT_TEAM = Z5RJ99BFF2;
				ENABLE_PREVIEWS = YES;
				GENERATE_INFOPLIST_FILE = YES;
				INFOPLIST_KEY_UIApplicationSceneManifest_Generation = YES;
				INFOPLIST_KEY_UIApplicationSupportsIndirectInputEvents = YES;
				INFOPLIST_KEY_UILaunchScreen_Generation = YES;
				INFOPLIST_KEY_UISupportedInterfaceOrientations_iPad = "UIInterfaceOrientationPortrait UIInterfaceOrientationPortraitUpsideDown UIInterfaceOrientationLandscapeLeft UIInterfaceOrientationLandscapeRight";
				INFOPLIST_KEY_UISupportedInterfaceOrientations_iPhone = "UIInterfaceOrientationPortrait UIInterfaceOrientationLandscapeLeft UIInterfaceOrientationLandscapeRight";
				LD_RUNPATH_SEARCH_PATHS = (
					"$(inherited)",
					"@executable_path/Frameworks",
				);
				MARKETING_VERSION = 1.0;
				PRODUCT_BUNDLE_IDENTIFIER = nanachi.animation;
				PRODUCT_NAME = "$(TARGET_NAME)";
				SWIFT_EMIT_LOC_STRINGS = YES;
				SWIFT_VERSION = 5.0;
				TARGETED_DEVICE_FAMILY = "1,2";
			};
			name = Release;
		};
		969A4A972BB7E9FD00DDC3CF /* Debug */ = {
			isa = XCBuildConfiguration;
			buildSettings = {
				ASSETCATALOG_COMPILER_GLOBAL_ACCENT_COLOR_NAME = AccentColor;
				ASSETCATALOG_COMPILER_WIDGET_BACKGROUND_COLOR_NAME = WidgetBackground;
				CODE_SIGN_ENTITLEMENTS = TodoListExtension.entitlements;
				CODE_SIGN_STYLE = Automatic;
				CURRENT_PROJECT_VERSION = 1;
				DEVELOPMENT_TEAM = Z5RJ99BFF2;
				GENERATE_INFOPLIST_FILE = YES;
				INFOPLIST_FILE = TodoList/Info.plist;
				INFOPLIST_KEY_CFBundleDisplayName = TodoList;
				INFOPLIST_KEY_NSHumanReadableCopyright = "";
				IPHONEOS_DEPLOYMENT_TARGET = 17.4;
				LD_RUNPATH_SEARCH_PATHS = (
					"$(inherited)",
					"@executable_path/Frameworks",
					"@executable_path/../../Frameworks",
				);
				MARKETING_VERSION = 1.0;
				PRODUCT_BUNDLE_IDENTIFIER = nanachi.animation.TodoList;
				PRODUCT_NAME = "$(TARGET_NAME)";
				SKIP_INSTALL = YES;
				SWIFT_EMIT_LOC_STRINGS = YES;
				SWIFT_VERSION = 5.0;
				TARGETED_DEVICE_FAMILY = "1,2";
			};
			name = Debug;
		};
		969A4A982BB7E9FD00DDC3CF /* Release */ = {
			isa = XCBuildConfiguration;
			buildSettings = {
				ASSETCATALOG_COMPILER_GLOBAL_ACCENT_COLOR_NAME = AccentColor;
				ASSETCATALOG_COMPILER_WIDGET_BACKGROUND_COLOR_NAME = WidgetBackground;
				CODE_SIGN_ENTITLEMENTS = TodoListExtension.entitlements;
				CODE_SIGN_STYLE = Automatic;
				CURRENT_PROJECT_VERSION = 1;
				DEVELOPMENT_TEAM = Z5RJ99BFF2;
				GENERATE_INFOPLIST_FILE = YES;
				INFOPLIST_FILE = TodoList/Info.plist;
				INFOPLIST_KEY_CFBundleDisplayName = TodoList;
				INFOPLIST_KEY_NSHumanReadableCopyright = "";
				IPHONEOS_DEPLOYMENT_TARGET = 17.4;
				LD_RUNPATH_SEARCH_PATHS = (
					"$(inherited)",
					"@executable_path/Frameworks",
					"@executable_path/../../Frameworks",
				);
				MARKETING_VERSION = 1.0;
				PRODUCT_BUNDLE_IDENTIFIER = nanachi.animation.TodoList;
				PRODUCT_NAME = "$(TARGET_NAME)";
				SKIP_INSTALL = YES;
				SWIFT_EMIT_LOC_STRINGS = YES;
				SWIFT_VERSION = 5.0;
				TARGETED_DEVICE_FAMILY = "1,2";
			};
			name = Release;
		};
		969A4AB22BBA7E0400DDC3CF /* Debug */ = {
			isa = XCBuildConfiguration;
			buildSettings = {
				ASSETCATALOG_COMPILER_GLOBAL_ACCENT_COLOR_NAME = AccentColor;
				ASSETCATALOG_COMPILER_WIDGET_BACKGROUND_COLOR_NAME = WidgetBackground;
				CODE_SIGN_STYLE = Automatic;
				CURRENT_PROJECT_VERSION = 1;
				DEVELOPMENT_TEAM = Z5RJ99BFF2;
				GENERATE_INFOPLIST_FILE = YES;
				INFOPLIST_FILE = GraphWidget/Info.plist;
				INFOPLIST_KEY_CFBundleDisplayName = GraphWidget;
				INFOPLIST_KEY_NSHumanReadableCopyright = "";
				IPHONEOS_DEPLOYMENT_TARGET = 17.4;
				LD_RUNPATH_SEARCH_PATHS = (
					"$(inherited)",
					"@executable_path/Frameworks",
					"@executable_path/../../Frameworks",
				);
				MARKETING_VERSION = 1.0;
				PRODUCT_BUNDLE_IDENTIFIER = nanachi.animation.GraphWidget;
				PRODUCT_NAME = "$(TARGET_NAME)";
				SKIP_INSTALL = YES;
				SWIFT_EMIT_LOC_STRINGS = YES;
				SWIFT_VERSION = 5.0;
				TARGETED_DEVICE_FAMILY = "1,2";
			};
			name = Debug;
		};
		969A4AB32BBA7E0400DDC3CF /* Release */ = {
			isa = XCBuildConfiguration;
			buildSettings = {
				ASSETCATALOG_COMPILER_GLOBAL_ACCENT_COLOR_NAME = AccentColor;
				ASSETCATALOG_COMPILER_WIDGET_BACKGROUND_COLOR_NAME = WidgetBackground;
				CODE_SIGN_STYLE = Automatic;
				CURRENT_PROJECT_VERSION = 1;
				DEVELOPMENT_TEAM = Z5RJ99BFF2;
				GENERATE_INFOPLIST_FILE = YES;
				INFOPLIST_FILE = GraphWidget/Info.plist;
				INFOPLIST_KEY_CFBundleDisplayName = GraphWidget;
				INFOPLIST_KEY_NSHumanReadableCopyright = "";
				IPHONEOS_DEPLOYMENT_TARGET = 17.4;
				LD_RUNPATH_SEARCH_PATHS = (
					"$(inherited)",
					"@executable_path/Frameworks",
					"@executable_path/../../Frameworks",
				);
				MARKETING_VERSION = 1.0;
				PRODUCT_BUNDLE_IDENTIFIER = nanachi.animation.GraphWidget;
				PRODUCT_NAME = "$(TARGET_NAME)";
				SKIP_INSTALL = YES;
				SWIFT_EMIT_LOC_STRINGS = YES;
				SWIFT_VERSION = 5.0;
				TARGETED_DEVICE_FAMILY = "1,2";
			};
			name = Release;
		};
		96F9A6952B9E6D7900FD6900 /* Debug */ = {
			isa = XCBuildConfiguration;
			buildSettings = {
				ASSETCATALOG_COMPILER_GLOBAL_ACCENT_COLOR_NAME = AccentColor;
				ASSETCATALOG_COMPILER_WIDGET_BACKGROUND_COLOR_NAME = WidgetBackground;
				CODE_SIGN_STYLE = Automatic;
				CURRENT_PROJECT_VERSION = 1;
				GENERATE_INFOPLIST_FILE = YES;
				INFOPLIST_FILE = TaskWidget/Info.plist;
				INFOPLIST_KEY_CFBundleDisplayName = TaskWidget;
				INFOPLIST_KEY_NSHumanReadableCopyright = "";
				LD_RUNPATH_SEARCH_PATHS = (
					"$(inherited)",
					"@executable_path/Frameworks",
					"@executable_path/../../Frameworks",
				);
				MARKETING_VERSION = 1.0;
				PRODUCT_BUNDLE_IDENTIFIER = nanachi.animation.TaskWidget;
				PRODUCT_NAME = "$(TARGET_NAME)";
				SKIP_INSTALL = YES;
				SWIFT_EMIT_LOC_STRINGS = YES;
				SWIFT_VERSION = 5.0;
				TARGETED_DEVICE_FAMILY = "1,2";
			};
			name = Debug;
		};
		96F9A6962B9E6D7900FD6900 /* Release */ = {
			isa = XCBuildConfiguration;
			buildSettings = {
				ASSETCATALOG_COMPILER_GLOBAL_ACCENT_COLOR_NAME = AccentColor;
				ASSETCATALOG_COMPILER_WIDGET_BACKGROUND_COLOR_NAME = WidgetBackground;
				CODE_SIGN_STYLE = Automatic;
				CURRENT_PROJECT_VERSION = 1;
				GENERATE_INFOPLIST_FILE = YES;
				INFOPLIST_FILE = TaskWidget/Info.plist;
				INFOPLIST_KEY_CFBundleDisplayName = TaskWidget;
				INFOPLIST_KEY_NSHumanReadableCopyright = "";
				LD_RUNPATH_SEARCH_PATHS = (
					"$(inherited)",
					"@executable_path/Frameworks",
					"@executable_path/../../Frameworks",
				);
				MARKETING_VERSION = 1.0;
				PRODUCT_BUNDLE_IDENTIFIER = nanachi.animation.TaskWidget;
				PRODUCT_NAME = "$(TARGET_NAME)";
				SKIP_INSTALL = YES;
				SWIFT_EMIT_LOC_STRINGS = YES;
				SWIFT_VERSION = 5.0;
				TARGETED_DEVICE_FAMILY = "1,2";
			};
			name = Release;
		};
/* End XCBuildConfiguration section */

/* Begin XCConfigurationList section */
		961F3B862B8818240055D79B /* Build configuration list for PBXProject "animation" */ = {
			isa = XCConfigurationList;
			buildConfigurations = (
				961F3B972B8818250055D79B /* Debug */,
				961F3B982B8818250055D79B /* Release */,
			);
			defaultConfigurationIsVisible = 0;
			defaultConfigurationName = Release;
		};
		961F3B992B8818250055D79B /* Build configuration list for PBXNativeTarget "animation" */ = {
			isa = XCConfigurationList;
			buildConfigurations = (
				961F3B9A2B8818250055D79B /* Debug */,
				961F3B9B2B8818250055D79B /* Release */,
			);
			defaultConfigurationIsVisible = 0;
			defaultConfigurationName = Release;
		};
		969A4A962BB7E9FD00DDC3CF /* Build configuration list for PBXNativeTarget "TodoListExtension" */ = {
			isa = XCConfigurationList;
			buildConfigurations = (
				969A4A972BB7E9FD00DDC3CF /* Debug */,
				969A4A982BB7E9FD00DDC3CF /* Release */,
			);
			defaultConfigurationIsVisible = 0;
			defaultConfigurationName = Release;
		};
		969A4AB42BBA7E0400DDC3CF /* Build configuration list for PBXNativeTarget "GraphWidgetExtension" */ = {
			isa = XCConfigurationList;
			buildConfigurations = (
				969A4AB22BBA7E0400DDC3CF /* Debug */,
				969A4AB32BBA7E0400DDC3CF /* Release */,
			);
			defaultConfigurationIsVisible = 0;
			defaultConfigurationName = Release;
		};
		96F9A6972B9E6D7900FD6900 /* Build configuration list for PBXNativeTarget "TaskWidgetExtension" */ = {
			isa = XCConfigurationList;
			buildConfigurations = (
				96F9A6952B9E6D7900FD6900 /* Debug */,
				96F9A6962B9E6D7900FD6900 /* Release */,
			);
			defaultConfigurationIsVisible = 0;
			defaultConfigurationName = Release;
		};
/* End XCConfigurationList section */
	};
	rootObject = 961F3B832B8818240055D79B /* Project object */;
}
