// !$*UTF8*$!
{
	archiveVersion = 1;
	classes = {
	};
	objectVersion = 56;
	objects = {

/* Begin PBXBuildFile section */
		9600DE512BA17D1800205DE9 /* CustomToast.swift in Sources */ = {isa = PBXBuildFile; fileRef = 9600DE502BA17D1800205DE9 /* CustomToast.swift */; };
		9603C9F92B8AB73400F91C21 /* BasicProfileAnimationView.swift in Sources */ = {isa = PBXBuildFile; fileRef = 9603C9F82B8AB73400F91C21 /* BasicProfileAnimationView.swift */; };
		9603C9FB2B8AB79200F91C21 /* HeroItemView.swift in Sources */ = {isa = PBXBuildFile; fileRef = 9603C9FA2B8AB79200F91C21 /* HeroItemView.swift */; };
		9603CA012B8ABDCD00F91C21 /* AnchorKey.swift in Sources */ = {isa = PBXBuildFile; fileRef = 9603CA002B8ABDCD00F91C21 /* AnchorKey.swift */; };
		961868B82BC7A78700552748 /* FloatingButton.swift in Sources */ = {isa = PBXBuildFile; fileRef = 961868B72BC7A78700552748 /* FloatingButton.swift */; };
		961F3B8F2B8818240055D79B /* animationApp.swift in Sources */ = {isa = PBXBuildFile; fileRef = 961F3B8E2B8818240055D79B /* animationApp.swift */; };
		961F3B912B8818240055D79B /* ContentView.swift in Sources */ = {isa = PBXBuildFile; fileRef = 961F3B902B8818240055D79B /* ContentView.swift */; };
		961F3B932B8818250055D79B /* Assets.xcassets in Resources */ = {isa = PBXBuildFile; fileRef = 961F3B922B8818250055D79B /* Assets.xcassets */; };
		961F3B962B8818250055D79B /* Preview Assets.xcassets in Resources */ = {isa = PBXBuildFile; fileRef = 961F3B952B8818250055D79B /* Preview Assets.xcassets */; };
		961F3B9D2B8818820055D79B /* HeroWrapperItem.swift in Sources */ = {isa = PBXBuildFile; fileRef = 961F3B9C2B8818820055D79B /* HeroWrapperItem.swift */; };
		961F3BBF2B897A310055D79B /* Profile.swift in Sources */ = {isa = PBXBuildFile; fileRef = 961F3BBE2B897A310055D79B /* Profile.swift */; };
		961F3BC22B897D7D0055D79B /* ProfileListView.swift in Sources */ = {isa = PBXBuildFile; fileRef = 961F3BC12B897D7D0055D79B /* ProfileListView.swift */; };
		961F51D92BC11B5200F0D953 /* Navigation+Extension.swift in Sources */ = {isa = PBXBuildFile; fileRef = 961F51D82BC11B5200F0D953 /* Navigation+Extension.swift */; };
		961F51DB2BC3B43B00F0D953 /* LimitedTextFieldIView.swift in Sources */ = {isa = PBXBuildFile; fileRef = 961F51DA2BC3B43B00F0D953 /* LimitedTextFieldIView.swift */; };
		9621D9612BE5EB6300183CB7 /* DatePickerView.swift in Sources */ = {isa = PBXBuildFile; fileRef = 9621D9602BE5EB6300183CB7 /* DatePickerView.swift */; };
		963DB14B2BBBD21400AAF347 /* Reel.swift in Sources */ = {isa = PBXBuildFile; fileRef = 963DB14A2BBBD21400AAF347 /* Reel.swift */; };
		963DB1582BBBD91600AAF347 /* FullScreenVideoView.swift in Sources */ = {isa = PBXBuildFile; fileRef = 963DB1572BBBD91600AAF347 /* FullScreenVideoView.swift */; };
		9659991A2BE0BCD6000133FA /* View+Extension.swift in Sources */ = {isa = PBXBuildFile; fileRef = 965999192BE0BCD6000133FA /* View+Extension.swift */; };
		965E03A02BCB2C4A00E8A400 /* BookView.swift in Sources */ = {isa = PBXBuildFile; fileRef = 965E039F2BCB2C4A00E8A400 /* BookView.swift */; };
		965E03A22BCD059F00E8A400 /* ParticleEffectsView.swift in Sources */ = {isa = PBXBuildFile; fileRef = 965E03A12BCD059F00E8A400 /* ParticleEffectsView.swift */; };
		965E573C2BC5097C00E172B3 /* DropDownView.swift in Sources */ = {isa = PBXBuildFile; fileRef = 965E573B2BC5097C00E172B3 /* DropDownView.swift */; };
		96845DA52BD3347F00B7D8B2 /* AppleMusicHomeView.swift in Sources */ = {isa = PBXBuildFile; fileRef = 96845DA42BD3347F00B7D8B2 /* AppleMusicHomeView.swift */; };
		96845DA72BD337D200B7D8B2 /* MusicInfoView.swift in Sources */ = {isa = PBXBuildFile; fileRef = 96845DA62BD337D200B7D8B2 /* MusicInfoView.swift */; };
		96845DA92BD33CAC00B7D8B2 /* ExpandedBottomSheet.swift in Sources */ = {isa = PBXBuildFile; fileRef = 96845DA82BD33CAC00B7D8B2 /* ExpandedBottomSheet.swift */; };
		9684833B2BCF61D40023FE2B /* ParticleEffect.swift in Sources */ = {isa = PBXBuildFile; fileRef = 9684833A2BCF61D40023FE2B /* ParticleEffect.swift */; };
		9684833D2BCF62C50023FE2B /* Particle.swift in Sources */ = {isa = PBXBuildFile; fileRef = 9684833C2BCF62C50023FE2B /* Particle.swift */; };
		968D2D772B8C2B3A00007734 /* ProfileList+SheetView.swift in Sources */ = {isa = PBXBuildFile; fileRef = 968D2D762B8C2B3A00007734 /* ProfileList+SheetView.swift */; };
		968D2D792B8C34CB00007734 /* WindowSharedModel.swift in Sources */ = {isa = PBXBuildFile; fileRef = 968D2D782B8C34CB00007734 /* WindowSharedModel.swift */; };
		968D2D7B2B8C65E500007734 /* WindowSharedModelHeroAnimationView.swift in Sources */ = {isa = PBXBuildFile; fileRef = 968D2D7A2B8C65E500007734 /* WindowSharedModelHeroAnimationView.swift */; };
		968D2E9E2B8EB56500007734 /* Tab.swift in Sources */ = {isa = PBXBuildFile; fileRef = 968D2E9D2B8EB56500007734 /* Tab.swift */; };
		968D2EA02B8EB69800007734 /* AnimatedTabView.swift in Sources */ = {isa = PBXBuildFile; fileRef = 968D2E9F2B8EB69800007734 /* AnimatedTabView.swift */; };
		96B884D02BDCE0DB00196125 /* HorizontalTabView.swift in Sources */ = {isa = PBXBuildFile; fileRef = 96B884CF2BDCE0DB00196125 /* HorizontalTabView.swift */; };
		96B884EA2BDD82B000196125 /* Interpolation.swift in Sources */ = {isa = PBXBuildFile; fileRef = 96B884E92BDD82B000196125 /* Interpolation.swift */; };
		96C0C2D72B905DDE00F56FF5 /* Card.swift in Sources */ = {isa = PBXBuildFile; fileRef = 96C0C2D62B905DDE00F56FF5 /* Card.swift */; };
		96C0C2D92B905E3500F56FF5 /* CardCarouselView.swift in Sources */ = {isa = PBXBuildFile; fileRef = 96C0C2D82B905E3500F56FF5 /* CardCarouselView.swift */; };
		96C0C2DB2B9063CF00F56FF5 /* OffsetReader.swift in Sources */ = {isa = PBXBuildFile; fileRef = 96C0C2DA2B9063CF00F56FF5 /* OffsetReader.swift */; };
		96C0C2DD2B906BA500F56FF5 /* ParallelXCardView.swift in Sources */ = {isa = PBXBuildFile; fileRef = 96C0C2DC2B906BA500F56FF5 /* ParallelXCardView.swift */; };
		96D495812BBD0E140011D5AA /* ReelView.swift in Sources */ = {isa = PBXBuildFile; fileRef = 96D495802BBD0E140011D5AA /* ReelView.swift */; };
		96D495942BBD2AAD0011D5AA /* Reel8.mp4 in Resources */ = {isa = PBXBuildFile; fileRef = 96D495862BBD2AAD0011D5AA /* Reel8.mp4 */; };
		96D495952BBD2AAD0011D5AA /* Reel1.mp4 in Resources */ = {isa = PBXBuildFile; fileRef = 96D495872BBD2AAD0011D5AA /* Reel1.mp4 */; };
		96D495962BBD2AAD0011D5AA /* Reel9.mp4 in Resources */ = {isa = PBXBuildFile; fileRef = 96D495882BBD2AAD0011D5AA /* Reel9.mp4 */; };
		96D495972BBD2AAD0011D5AA /* Reel10.mp4 in Resources */ = {isa = PBXBuildFile; fileRef = 96D495892BBD2AAD0011D5AA /* Reel10.mp4 */; };
		96D495982BBD2AAD0011D5AA /* Reel13.mp4 in Resources */ = {isa = PBXBuildFile; fileRef = 96D4958A2BBD2AAD0011D5AA /* Reel13.mp4 */; };
		96D495992BBD2AAD0011D5AA /* Reel7.mp4 in Resources */ = {isa = PBXBuildFile; fileRef = 96D4958B2BBD2AAD0011D5AA /* Reel7.mp4 */; };
		96D4959B2BBD2AAD0011D5AA /* Reel11.mp4 in Resources */ = {isa = PBXBuildFile; fileRef = 96D4958D2BBD2AAD0011D5AA /* Reel11.mp4 */; };
		96D4959C2BBD2AAD0011D5AA /* Reel3.mp4 in Resources */ = {isa = PBXBuildFile; fileRef = 96D4958E2BBD2AAD0011D5AA /* Reel3.mp4 */; };
		96D4959D2BBD2AAD0011D5AA /* Reel2.mp4 in Resources */ = {isa = PBXBuildFile; fileRef = 96D4958F2BBD2AAD0011D5AA /* Reel2.mp4 */; };
		96D4959E2BBD2AAD0011D5AA /* Reel12.mp4 in Resources */ = {isa = PBXBuildFile; fileRef = 96D495902BBD2AAD0011D5AA /* Reel12.mp4 */; };
		96D495A02BBD2AAD0011D5AA /* Reel14.mp4 in Resources */ = {isa = PBXBuildFile; fileRef = 96D495922BBD2AAD0011D5AA /* Reel14.mp4 */; };
		96D496612BBFADD10011D5AA /* CircularCarouselSliderView.swift in Sources */ = {isa = PBXBuildFile; fileRef = 96D496602BBFADD10011D5AA /* CircularCarouselSliderView.swift */; };
		96E70B0F2B8EBF3100F23A51 /* AppDelegate.swift in Sources */ = {isa = PBXBuildFile; fileRef = 96E70B0E2B8EBF3100F23A51 /* AppDelegate.swift */; };
		96E70B292B8F10CB00F23A51 /* TabStateScrollView.swift in Sources */ = {isa = PBXBuildFile; fileRef = 96E70B282B8F10CB00F23A51 /* TabStateScrollView.swift */; };
		96E7CEE42BE32C5C00F24910 /* TabShape.swift in Sources */ = {isa = PBXBuildFile; fileRef = 96E7CEE32BE32C5C00F24910 /* TabShape.swift */; };
		96EACD152BAF7E6C0056A012 /* UniversalAlert.swift in Sources */ = {isa = PBXBuildFile; fileRef = 96EACD142BAF7E6C0056A012 /* UniversalAlert.swift */; };
		96EBF5E12BD793B400FDD20D /* ColorModel.swift in Sources */ = {isa = PBXBuildFile; fileRef = 96EBF5E02BD793B400FDD20D /* ColorModel.swift */; };
		96F9A6ED2B9FACE100FD6900 /* CustomButton.swift in Sources */ = {isa = PBXBuildFile; fileRef = 96F9A6EC2B9FACE100FD6900 /* CustomButton.swift */; };
		96F9FB872BB3F17B00C35779 /* SegmentControl.swift in Sources */ = {isa = PBXBuildFile; fileRef = 96F9FB862BB3F17B00C35779 /* SegmentControl.swift */; };
		96FF50972B92FE1700B36142 /* GridView.swift in Sources */ = {isa = PBXBuildFile; fileRef = 96FF50962B92FE1700B36142 /* GridView.swift */; };
		96FF50992B94427000B36142 /* PlayerAnimationView.swift in Sources */ = {isa = PBXBuildFile; fileRef = 96FF50982B94427000B36142 /* PlayerAnimationView.swift */; };
		96FF509B2B94465700B36142 /* PlayerItem.swift in Sources */ = {isa = PBXBuildFile; fileRef = 96FF509A2B94465700B36142 /* PlayerItem.swift */; };
		96FF509D2B944D1B00B36142 /* PlayerConfig.swift in Sources */ = {isa = PBXBuildFile; fileRef = 96FF509C2B944D1B00B36142 /* PlayerConfig.swift */; };
		96FF509F2B944E7300B36142 /* MiniPlayerView.swift in Sources */ = {isa = PBXBuildFile; fileRef = 96FF509E2B944E7300B36142 /* MiniPlayerView.swift */; };
/* End PBXBuildFile section */

/* Begin PBXFileReference section */
		9600DE502BA17D1800205DE9 /* CustomToast.swift */ = {isa = PBXFileReference; lastKnownFileType = sourcecode.swift; path = CustomToast.swift; sourceTree = "<group>"; };
		9603C9F82B8AB73400F91C21 /* BasicProfileAnimationView.swift */ = {isa = PBXFileReference; lastKnownFileType = sourcecode.swift; path = BasicProfileAnimationView.swift; sourceTree = "<group>"; };
		9603C9FA2B8AB79200F91C21 /* HeroItemView.swift */ = {isa = PBXFileReference; lastKnownFileType = sourcecode.swift; path = HeroItemView.swift; sourceTree = "<group>"; };
		9603CA002B8ABDCD00F91C21 /* AnchorKey.swift */ = {isa = PBXFileReference; fileEncoding = 4; lastKnownFileType = sourcecode.swift; name = AnchorKey.swift; path = ../../../../.Trash/AnchorKey.swift; sourceTree = "<group>"; };
		961868B72BC7A78700552748 /* FloatingButton.swift */ = {isa = PBXFileReference; lastKnownFileType = sourcecode.swift; path = FloatingButton.swift; sourceTree = "<group>"; };
		961F3B8B2B8818240055D79B /* animation.app */ = {isa = PBXFileReference; explicitFileType = wrapper.application; includeInIndex = 0; path = animation.app; sourceTree = BUILT_PRODUCTS_DIR; };
		961F3B8E2B8818240055D79B /* animationApp.swift */ = {isa = PBXFileReference; lastKnownFileType = sourcecode.swift; path = animationApp.swift; sourceTree = "<group>"; };
		961F3B902B8818240055D79B /* ContentView.swift */ = {isa = PBXFileReference; lastKnownFileType = sourcecode.swift; path = ContentView.swift; sourceTree = "<group>"; };
		961F3B922B8818250055D79B /* Assets.xcassets */ = {isa = PBXFileReference; lastKnownFileType = folder.assetcatalog; path = Assets.xcassets; sourceTree = "<group>"; };
		961F3B952B8818250055D79B /* Preview Assets.xcassets */ = {isa = PBXFileReference; lastKnownFileType = folder.assetcatalog; path = "Preview Assets.xcassets"; sourceTree = "<group>"; };
		961F3B9C2B8818820055D79B /* HeroWrapperItem.swift */ = {isa = PBXFileReference; lastKnownFileType = sourcecode.swift; path = HeroWrapperItem.swift; sourceTree = "<group>"; };
		961F3BBE2B897A310055D79B /* Profile.swift */ = {isa = PBXFileReference; lastKnownFileType = sourcecode.swift; path = Profile.swift; sourceTree = "<group>"; };
		961F3BC12B897D7D0055D79B /* ProfileListView.swift */ = {isa = PBXFileReference; lastKnownFileType = sourcecode.swift; path = ProfileListView.swift; sourceTree = "<group>"; };
		961F51D82BC11B5200F0D953 /* Navigation+Extension.swift */ = {isa = PBXFileReference; lastKnownFileType = sourcecode.swift; path = "Navigation+Extension.swift"; sourceTree = "<group>"; };
		961F51DA2BC3B43B00F0D953 /* LimitedTextFieldIView.swift */ = {isa = PBXFileReference; lastKnownFileType = sourcecode.swift; path = LimitedTextFieldIView.swift; sourceTree = "<group>"; };
		9621D9602BE5EB6300183CB7 /* DatePickerView.swift */ = {isa = PBXFileReference; lastKnownFileType = sourcecode.swift; path = DatePickerView.swift; sourceTree = "<group>"; };
		963DB14A2BBBD21400AAF347 /* Reel.swift */ = {isa = PBXFileReference; lastKnownFileType = sourcecode.swift; path = Reel.swift; sourceTree = "<group>"; };
		963DB1572BBBD91600AAF347 /* FullScreenVideoView.swift */ = {isa = PBXFileReference; lastKnownFileType = sourcecode.swift; path = FullScreenVideoView.swift; sourceTree = "<group>"; };
		965999192BE0BCD6000133FA /* View+Extension.swift */ = {isa = PBXFileReference; lastKnownFileType = sourcecode.swift; path = "View+Extension.swift"; sourceTree = "<group>"; };
		965E039F2BCB2C4A00E8A400 /* BookView.swift */ = {isa = PBXFileReference; lastKnownFileType = sourcecode.swift; path = BookView.swift; sourceTree = "<group>"; };
		965E03A12BCD059F00E8A400 /* ParticleEffectsView.swift */ = {isa = PBXFileReference; lastKnownFileType = sourcecode.swift; path = ParticleEffectsView.swift; sourceTree = "<group>"; };
		965E573B2BC5097C00E172B3 /* DropDownView.swift */ = {isa = PBXFileReference; lastKnownFileType = sourcecode.swift; path = DropDownView.swift; sourceTree = "<group>"; };
		96845DA42BD3347F00B7D8B2 /* AppleMusicHomeView.swift */ = {isa = PBXFileReference; lastKnownFileType = sourcecode.swift; path = AppleMusicHomeView.swift; sourceTree = "<group>"; };
		96845DA62BD337D200B7D8B2 /* MusicInfoView.swift */ = {isa = PBXFileReference; lastKnownFileType = sourcecode.swift; path = MusicInfoView.swift; sourceTree = "<group>"; };
		96845DA82BD33CAC00B7D8B2 /* ExpandedBottomSheet.swift */ = {isa = PBXFileReference; lastKnownFileType = sourcecode.swift; path = ExpandedBottomSheet.swift; sourceTree = "<group>"; };
		9684833A2BCF61D40023FE2B /* ParticleEffect.swift */ = {isa = PBXFileReference; lastKnownFileType = sourcecode.swift; path = ParticleEffect.swift; sourceTree = "<group>"; };
		9684833C2BCF62C50023FE2B /* Particle.swift */ = {isa = PBXFileReference; lastKnownFileType = sourcecode.swift; path = Particle.swift; sourceTree = "<group>"; };
		968D2D762B8C2B3A00007734 /* ProfileList+SheetView.swift */ = {isa = PBXFileReference; lastKnownFileType = sourcecode.swift; path = "ProfileList+SheetView.swift"; sourceTree = "<group>"; };
		968D2D782B8C34CB00007734 /* WindowSharedModel.swift */ = {isa = PBXFileReference; lastKnownFileType = sourcecode.swift; path = WindowSharedModel.swift; sourceTree = "<group>"; };
		968D2D7A2B8C65E500007734 /* WindowSharedModelHeroAnimationView.swift */ = {isa = PBXFileReference; lastKnownFileType = sourcecode.swift; path = WindowSharedModelHeroAnimationView.swift; sourceTree = "<group>"; };
		968D2E9D2B8EB56500007734 /* Tab.swift */ = {isa = PBXFileReference; lastKnownFileType = sourcecode.swift; path = Tab.swift; sourceTree = "<group>"; };
		968D2E9F2B8EB69800007734 /* AnimatedTabView.swift */ = {isa = PBXFileReference; lastKnownFileType = sourcecode.swift; path = AnimatedTabView.swift; sourceTree = "<group>"; };
		96B884CF2BDCE0DB00196125 /* HorizontalTabView.swift */ = {isa = PBXFileReference; lastKnownFileType = sourcecode.swift; path = HorizontalTabView.swift; sourceTree = "<group>"; };
		96B884E92BDD82B000196125 /* Interpolation.swift */ = {isa = PBXFileReference; lastKnownFileType = sourcecode.swift; path = Interpolation.swift; sourceTree = "<group>"; };
		96C0C2D62B905DDE00F56FF5 /* Card.swift */ = {isa = PBXFileReference; lastKnownFileType = sourcecode.swift; path = Card.swift; sourceTree = "<group>"; };
		96C0C2D82B905E3500F56FF5 /* CardCarouselView.swift */ = {isa = PBXFileReference; lastKnownFileType = sourcecode.swift; path = CardCarouselView.swift; sourceTree = "<group>"; };
		96C0C2DA2B9063CF00F56FF5 /* OffsetReader.swift */ = {isa = PBXFileReference; lastKnownFileType = sourcecode.swift; path = OffsetReader.swift; sourceTree = "<group>"; };
		96C0C2DC2B906BA500F56FF5 /* ParallelXCardView.swift */ = {isa = PBXFileReference; lastKnownFileType = sourcecode.swift; path = ParallelXCardView.swift; sourceTree = "<group>"; };
		96D495802BBD0E140011D5AA /* ReelView.swift */ = {isa = PBXFileReference; lastKnownFileType = sourcecode.swift; path = ReelView.swift; sourceTree = "<group>"; };
		96D495862BBD2AAD0011D5AA /* Reel8.mp4 */ = {isa = PBXFileReference; lastKnownFileType = file; name = Reel8.mp4; path = ../../../../Documents/Reel/Reel8.mp4; sourceTree = "<group>"; };
		96D495872BBD2AAD0011D5AA /* Reel1.mp4 */ = {isa = PBXFileReference; lastKnownFileType = file; name = Reel1.mp4; path = ../../../../Documents/Reel/Reel1.mp4; sourceTree = "<group>"; };
		96D495882BBD2AAD0011D5AA /* Reel9.mp4 */ = {isa = PBXFileReference; lastKnownFileType = file; name = Reel9.mp4; path = ../../../../Documents/Reel/Reel9.mp4; sourceTree = "<group>"; };
		96D495892BBD2AAD0011D5AA /* Reel10.mp4 */ = {isa = PBXFileReference; lastKnownFileType = file; name = Reel10.mp4; path = ../../../../Documents/Reel/Reel10.mp4; sourceTree = "<group>"; };
		96D4958A2BBD2AAD0011D5AA /* Reel13.mp4 */ = {isa = PBXFileReference; lastKnownFileType = file; name = Reel13.mp4; path = ../../../../Documents/Reel/Reel13.mp4; sourceTree = "<group>"; };
		96D4958B2BBD2AAD0011D5AA /* Reel7.mp4 */ = {isa = PBXFileReference; lastKnownFileType = file; name = Reel7.mp4; path = ../../../../Documents/Reel/Reel7.mp4; sourceTree = "<group>"; };
		96D4958D2BBD2AAD0011D5AA /* Reel11.mp4 */ = {isa = PBXFileReference; lastKnownFileType = file; name = Reel11.mp4; path = ../../../../Documents/Reel/Reel11.mp4; sourceTree = "<group>"; };
		96D4958E2BBD2AAD0011D5AA /* Reel3.mp4 */ = {isa = PBXFileReference; lastKnownFileType = file; name = Reel3.mp4; path = ../../../../Documents/Reel/Reel3.mp4; sourceTree = "<group>"; };
		96D4958F2BBD2AAD0011D5AA /* Reel2.mp4 */ = {isa = PBXFileReference; lastKnownFileType = file; name = Reel2.mp4; path = ../../../../Documents/Reel/Reel2.mp4; sourceTree = "<group>"; };
		96D495902BBD2AAD0011D5AA /* Reel12.mp4 */ = {isa = PBXFileReference; lastKnownFileType = file; name = Reel12.mp4; path = ../../../../Documents/Reel/Reel12.mp4; sourceTree = "<group>"; };
		96D495922BBD2AAD0011D5AA /* Reel14.mp4 */ = {isa = PBXFileReference; lastKnownFileType = file; name = Reel14.mp4; path = ../../../../Documents/Reel/Reel14.mp4; sourceTree = "<group>"; };
		96D496602BBFADD10011D5AA /* CircularCarouselSliderView.swift */ = {isa = PBXFileReference; lastKnownFileType = sourcecode.swift; path = CircularCarouselSliderView.swift; sourceTree = "<group>"; };
		96E70B0E2B8EBF3100F23A51 /* AppDelegate.swift */ = {isa = PBXFileReference; lastKnownFileType = sourcecode.swift; path = AppDelegate.swift; sourceTree = "<group>"; };
		96E70B282B8F10CB00F23A51 /* TabStateScrollView.swift */ = {isa = PBXFileReference; lastKnownFileType = sourcecode.swift; path = TabStateScrollView.swift; sourceTree = "<group>"; };
		96E7CEE32BE32C5C00F24910 /* TabShape.swift */ = {isa = PBXFileReference; lastKnownFileType = sourcecode.swift; path = TabShape.swift; sourceTree = "<group>"; };
		96EACD142BAF7E6C0056A012 /* UniversalAlert.swift */ = {isa = PBXFileReference; lastKnownFileType = sourcecode.swift; path = UniversalAlert.swift; sourceTree = "<group>"; };
		96EBF5E02BD793B400FDD20D /* ColorModel.swift */ = {isa = PBXFileReference; lastKnownFileType = sourcecode.swift; path = ColorModel.swift; sourceTree = "<group>"; };
		96F9A6EC2B9FACE100FD6900 /* CustomButton.swift */ = {isa = PBXFileReference; lastKnownFileType = sourcecode.swift; path = CustomButton.swift; sourceTree = "<group>"; };
		96F9FB862BB3F17B00C35779 /* SegmentControl.swift */ = {isa = PBXFileReference; lastKnownFileType = sourcecode.swift; path = SegmentControl.swift; sourceTree = "<group>"; };
		96FF50962B92FE1700B36142 /* GridView.swift */ = {isa = PBXFileReference; lastKnownFileType = sourcecode.swift; path = GridView.swift; sourceTree = "<group>"; };
		96FF50982B94427000B36142 /* PlayerAnimationView.swift */ = {isa = PBXFileReference; lastKnownFileType = sourcecode.swift; path = PlayerAnimationView.swift; sourceTree = "<group>"; };
		96FF509A2B94465700B36142 /* PlayerItem.swift */ = {isa = PBXFileReference; lastKnownFileType = sourcecode.swift; path = PlayerItem.swift; sourceTree = "<group>"; };
		96FF509C2B944D1B00B36142 /* PlayerConfig.swift */ = {isa = PBXFileReference; lastKnownFileType = sourcecode.swift; path = PlayerConfig.swift; sourceTree = "<group>"; };
		96FF509E2B944E7300B36142 /* MiniPlayerView.swift */ = {isa = PBXFileReference; lastKnownFileType = sourcecode.swift; path = MiniPlayerView.swift; sourceTree = "<group>"; };
/* End PBXFileReference section */

/* Begin PBXFrameworksBuildPhase section */
		961F3B882B8818240055D79B /* Frameworks */ = {
			isa = PBXFrameworksBuildPhase;
			buildActionMask = 2147483647;
			files = (
			);
			runOnlyForDeploymentPostprocessing = 0;
		};
/* End PBXFrameworksBuildPhase section */

/* Begin PBXGroup section */
		960B2BA62B89DB5C002CD328 /* Helpers */ = {
			isa = PBXGroup;
			children = (
				9603CA002B8ABDCD00F91C21 /* AnchorKey.swift */,
				9621D9602BE5EB6300183CB7 /* DatePickerView.swift */,
				96E70B282B8F10CB00F23A51 /* TabStateScrollView.swift */,
				9600DE502BA17D1800205DE9 /* CustomToast.swift */,
				96EACD142BAF7E6C0056A012 /* UniversalAlert.swift */,
				96F9FB862BB3F17B00C35779 /* SegmentControl.swift */,
				961F51DA2BC3B43B00F0D953 /* LimitedTextFieldIView.swift */,
				961868B72BC7A78700552748 /* FloatingButton.swift */,
				9684833A2BCF61D40023FE2B /* ParticleEffect.swift */,
				96EBF5E02BD793B400FDD20D /* ColorModel.swift */,
				965999192BE0BCD6000133FA /* View+Extension.swift */,
			);
			path = Helpers;
			sourceTree = "<group>";
		};
		961F3B822B8818240055D79B = {
			isa = PBXGroup;
			children = (
				963DB14C2BBBD39F00AAF347 /* Videos */,
				960B2BA62B89DB5C002CD328 /* Helpers */,
				961F3B8D2B8818240055D79B /* animation */,
				961F3B8C2B8818240055D79B /* Products */,
			);
			sourceTree = "<group>";
		};
		961F3B8C2B8818240055D79B /* Products */ = {
			isa = PBXGroup;
			children = (
				961F3B8B2B8818240055D79B /* animation.app */,
			);
			name = Products;
			sourceTree = "<group>";
		};
		961F3B8D2B8818240055D79B /* animation */ = {
			isa = PBXGroup;
			children = (
				96E70B0E2B8EBF3100F23A51 /* AppDelegate.swift */,
				961F3B8E2B8818240055D79B /* animationApp.swift */,
				961F3B902B8818240055D79B /* ContentView.swift */,
				961F3BC02B897D1C0055D79B /* View */,
				961F3BBD2B8979E70055D79B /* Model */,
				961F3B922B8818250055D79B /* Assets.xcassets */,
				961F3B942B8818250055D79B /* Preview Content */,
			);
			path = animation;
			sourceTree = "<group>";
		};
		961F3B942B8818250055D79B /* Preview Content */ = {
			isa = PBXGroup;
			children = (
				961F3B952B8818250055D79B /* Preview Assets.xcassets */,
			);
			path = "Preview Content";
			sourceTree = "<group>";
		};
		961F3BBD2B8979E70055D79B /* Model */ = {
			isa = PBXGroup;
			children = (
				961F3BBE2B897A310055D79B /* Profile.swift */,
				968D2D782B8C34CB00007734 /* WindowSharedModel.swift */,
				968D2E9D2B8EB56500007734 /* Tab.swift */,
				96C0C2D62B905DDE00F56FF5 /* Card.swift */,
				96C0C2DA2B9063CF00F56FF5 /* OffsetReader.swift */,
				96FF509A2B94465700B36142 /* PlayerItem.swift */,
				96FF509C2B944D1B00B36142 /* PlayerConfig.swift */,
				963DB14A2BBBD21400AAF347 /* Reel.swift */,
				9684833C2BCF62C50023FE2B /* Particle.swift */,
				96B884E92BDD82B000196125 /* Interpolation.swift */,
			);
			path = Model;
			sourceTree = "<group>";
		};
		961F3BC02B897D1C0055D79B /* View */ = {
			isa = PBXGroup;
			children = (
				96E7CEE22BE32C4900F24910 /* Shape */,
				96845DA32BD3346500B7D8B2 /* AppleMusic */,
				965E573A2BC5086000E172B3 /* Carousel */,
				96D495832BBD25160011D5AA /* Video */,
				96F9A6EB2B9FACC900FD6900 /* Button */,
				96E70B102B8EC21200F23A51 /* ProfileView */,
				96E70B0D2B8EBF0000F23A51 /* Tabbar */,
				96FF50962B92FE1700B36142 /* GridView.swift */,
				96FF50982B94427000B36142 /* PlayerAnimationView.swift */,
				96FF509E2B944E7300B36142 /* MiniPlayerView.swift */,
				961F51D82BC11B5200F0D953 /* Navigation+Extension.swift */,
				965E573B2BC5097C00E172B3 /* DropDownView.swift */,
				965E039F2BCB2C4A00E8A400 /* BookView.swift */,
				965E03A12BCD059F00E8A400 /* ParticleEffectsView.swift */,
			);
			path = View;
			sourceTree = "<group>";
		};
		963DB14C2BBBD39F00AAF347 /* Videos */ = {
			isa = PBXGroup;
			children = (
				96D495872BBD2AAD0011D5AA /* Reel1.mp4 */,
				96D4958F2BBD2AAD0011D5AA /* Reel2.mp4 */,
				96D4958E2BBD2AAD0011D5AA /* Reel3.mp4 */,
				96D4958B2BBD2AAD0011D5AA /* Reel7.mp4 */,
				96D495862BBD2AAD0011D5AA /* Reel8.mp4 */,
				96D495882BBD2AAD0011D5AA /* Reel9.mp4 */,
				96D495892BBD2AAD0011D5AA /* Reel10.mp4 */,
				96D4958D2BBD2AAD0011D5AA /* Reel11.mp4 */,
				96D495902BBD2AAD0011D5AA /* Reel12.mp4 */,
				96D4958A2BBD2AAD0011D5AA /* Reel13.mp4 */,
				96D495922BBD2AAD0011D5AA /* Reel14.mp4 */,
			);
			path = Videos;
			sourceTree = "<group>";
		};
		965E573A2BC5086000E172B3 /* Carousel */ = {
			isa = PBXGroup;
			children = (
				96C0C2D82B905E3500F56FF5 /* CardCarouselView.swift */,
				96C0C2DC2B906BA500F56FF5 /* ParallelXCardView.swift */,
				96D496602BBFADD10011D5AA /* CircularCarouselSliderView.swift */,
			);
			path = Carousel;
			sourceTree = "<group>";
		};
		96845DA32BD3346500B7D8B2 /* AppleMusic */ = {
			isa = PBXGroup;
			children = (
				96845DA42BD3347F00B7D8B2 /* AppleMusicHomeView.swift */,
				96845DA62BD337D200B7D8B2 /* MusicInfoView.swift */,
				96845DA82BD33CAC00B7D8B2 /* ExpandedBottomSheet.swift */,
			);
			path = AppleMusic;
			sourceTree = "<group>";
		};
		96D495832BBD25160011D5AA /* Video */ = {
			isa = PBXGroup;
			children = (
				963DB1572BBBD91600AAF347 /* FullScreenVideoView.swift */,
				96D495802BBD0E140011D5AA /* ReelView.swift */,
			);
			path = Video;
			sourceTree = "<group>";
		};
		96E70B0D2B8EBF0000F23A51 /* Tabbar */ = {
			isa = PBXGroup;
			children = (
				968D2E9F2B8EB69800007734 /* AnimatedTabView.swift */,
				96B884CF2BDCE0DB00196125 /* HorizontalTabView.swift */,
			);
			path = Tabbar;
			sourceTree = "<group>";
		};
		96E70B102B8EC21200F23A51 /* ProfileView */ = {
			isa = PBXGroup;
			children = (
				9603C9FA2B8AB79200F91C21 /* HeroItemView.swift */,
				961F3BC12B897D7D0055D79B /* ProfileListView.swift */,
				9603C9F82B8AB73400F91C21 /* BasicProfileAnimationView.swift */,
				961F3B9C2B8818820055D79B /* HeroWrapperItem.swift */,
				968D2D762B8C2B3A00007734 /* ProfileList+SheetView.swift */,
				968D2D7A2B8C65E500007734 /* WindowSharedModelHeroAnimationView.swift */,
			);
			path = ProfileView;
			sourceTree = "<group>";
		};
		96E7CEE22BE32C4900F24910 /* Shape */ = {
			isa = PBXGroup;
			children = (
				96E7CEE32BE32C5C00F24910 /* TabShape.swift */,
			);
			path = Shape;
			sourceTree = "<group>";
		};
		96F9A6EB2B9FACC900FD6900 /* Button */ = {
			isa = PBXGroup;
			children = (
				96F9A6EC2B9FACE100FD6900 /* CustomButton.swift */,
			);
			path = Button;
			sourceTree = "<group>";
		};
/* End PBXGroup section */

/* Begin PBXNativeTarget section */
		961F3B8A2B8818240055D79B /* animation */ = {
			isa = PBXNativeTarget;
			buildConfigurationList = 961F3B992B8818250055D79B /* Build configuration list for PBXNativeTarget "animation" */;
			buildPhases = (
				961F3B872B8818240055D79B /* Sources */,
				961F3B882B8818240055D79B /* Frameworks */,
				961F3B892B8818240055D79B /* Resources */,
			);
			buildRules = (
			);
			dependencies = (
			);
			name = animation;
			productName = animation;
			productReference = 961F3B8B2B8818240055D79B /* animation.app */;
			productType = "com.apple.product-type.application";
		};
/* End PBXNativeTarget section */

/* Begin PBXProject section */
		961F3B832B8818240055D79B /* Project object */ = {
			isa = PBXProject;
			attributes = {
				BuildIndependentTargetsInParallel = 1;
				LastSwiftUpdateCheck = 1510;
				LastUpgradeCheck = 1510;
				TargetAttributes = {
					961F3B8A2B8818240055D79B = {
						CreatedOnToolsVersion = 15.1;
					};
				};
			};
			buildConfigurationList = 961F3B862B8818240055D79B /* Build configuration list for PBXProject "animation" */;
			compatibilityVersion = "Xcode 14.0";
			developmentRegion = en;
			hasScannedForEncodings = 0;
			knownRegions = (
				en,
				Base,
			);
			mainGroup = 961F3B822B8818240055D79B;
			productRefGroup = 961F3B8C2B8818240055D79B /* Products */;
			projectDirPath = "";
			projectRoot = "";
			targets = (
				961F3B8A2B8818240055D79B /* animation */,
			);
		};
/* End PBXProject section */

/* Begin PBXResourcesBuildPhase section */
		961F3B892B8818240055D79B /* Resources */ = {
			isa = PBXResourcesBuildPhase;
			buildActionMask = 2147483647;
			files = (
				961F3B962B8818250055D79B /* Preview Assets.xcassets in Resources */,
				96D495952BBD2AAD0011D5AA /* Reel1.mp4 in Resources */,
				96D4959D2BBD2AAD0011D5AA /* Reel2.mp4 in Resources */,
				96D495982BBD2AAD0011D5AA /* Reel13.mp4 in Resources */,
				96D4959B2BBD2AAD0011D5AA /* Reel11.mp4 in Resources */,
				96D4959E2BBD2AAD0011D5AA /* Reel12.mp4 in Resources */,
				96D495972BBD2AAD0011D5AA /* Reel10.mp4 in Resources */,
				961F3B932B8818250055D79B /* Assets.xcassets in Resources */,
				96D495942BBD2AAD0011D5AA /* Reel8.mp4 in Resources */,
				96D495962BBD2AAD0011D5AA /* Reel9.mp4 in Resources */,
				96D495992BBD2AAD0011D5AA /* Reel7.mp4 in Resources */,
				96D495A02BBD2AAD0011D5AA /* Reel14.mp4 in Resources */,
				96D4959C2BBD2AAD0011D5AA /* Reel3.mp4 in Resources */,
			);
			runOnlyForDeploymentPostprocessing = 0;
		};
/* End PBXResourcesBuildPhase section */

/* Begin PBXSourcesBuildPhase section */
		961F3B872B8818240055D79B /* Sources */ = {
			isa = PBXSourcesBuildPhase;
			buildActionMask = 2147483647;
			files = (
				963DB14B2BBBD21400AAF347 /* Reel.swift in Sources */,
				961F51D92BC11B5200F0D953 /* Navigation+Extension.swift in Sources */,
				96F9A6ED2B9FACE100FD6900 /* CustomButton.swift in Sources */,
				96FF50992B94427000B36142 /* PlayerAnimationView.swift in Sources */,
				968D2D7B2B8C65E500007734 /* WindowSharedModelHeroAnimationView.swift in Sources */,
				9600DE512BA17D1800205DE9 /* CustomToast.swift in Sources */,
				968D2D772B8C2B3A00007734 /* ProfileList+SheetView.swift in Sources */,
				96845DA92BD33CAC00B7D8B2 /* ExpandedBottomSheet.swift in Sources */,
				961F3BC22B897D7D0055D79B /* ProfileListView.swift in Sources */,
				96E70B0F2B8EBF3100F23A51 /* AppDelegate.swift in Sources */,
				96FF509B2B94465700B36142 /* PlayerItem.swift in Sources */,
				96F9FB872BB3F17B00C35779 /* SegmentControl.swift in Sources */,
				961868B82BC7A78700552748 /* FloatingButton.swift in Sources */,
				961F3B912B8818240055D79B /* ContentView.swift in Sources */,
				96B884D02BDCE0DB00196125 /* HorizontalTabView.swift in Sources */,
				963DB1582BBBD91600AAF347 /* FullScreenVideoView.swift in Sources */,
				96D495812BBD0E140011D5AA /* ReelView.swift in Sources */,
				96E70B292B8F10CB00F23A51 /* TabStateScrollView.swift in Sources */,
				96C0C2D72B905DDE00F56FF5 /* Card.swift in Sources */,
				96EACD152BAF7E6C0056A012 /* UniversalAlert.swift in Sources */,
				961F3BBF2B897A310055D79B /* Profile.swift in Sources */,
				961F3B9D2B8818820055D79B /* HeroWrapperItem.swift in Sources */,
				96FF50972B92FE1700B36142 /* GridView.swift in Sources */,
				9684833D2BCF62C50023FE2B /* Particle.swift in Sources */,
				9659991A2BE0BCD6000133FA /* View+Extension.swift in Sources */,
				96FF509F2B944E7300B36142 /* MiniPlayerView.swift in Sources */,
				96C0C2D92B905E3500F56FF5 /* CardCarouselView.swift in Sources */,
				968D2E9E2B8EB56500007734 /* Tab.swift in Sources */,
				96C0C2DB2B9063CF00F56FF5 /* OffsetReader.swift in Sources */,
				96FF509D2B944D1B00B36142 /* PlayerConfig.swift in Sources */,
				961F51DB2BC3B43B00F0D953 /* LimitedTextFieldIView.swift in Sources */,
				965E03A22BCD059F00E8A400 /* ParticleEffectsView.swift in Sources */,
				96D496612BBFADD10011D5AA /* CircularCarouselSliderView.swift in Sources */,
				96E7CEE42BE32C5C00F24910 /* TabShape.swift in Sources */,
				96EBF5E12BD793B400FDD20D /* ColorModel.swift in Sources */,
				96845DA72BD337D200B7D8B2 /* MusicInfoView.swift in Sources */,
				9603C9FB2B8AB79200F91C21 /* HeroItemView.swift in Sources */,
				961F3B8F2B8818240055D79B /* animationApp.swift in Sources */,
				965E03A02BCB2C4A00E8A400 /* BookView.swift in Sources */,
				9684833B2BCF61D40023FE2B /* ParticleEffect.swift in Sources */,
				968D2D792B8C34CB00007734 /* WindowSharedModel.swift in Sources */,
				96C0C2DD2B906BA500F56FF5 /* ParallelXCardView.swift in Sources */,
				96B884EA2BDD82B000196125 /* Interpolation.swift in Sources */,
				96845DA52BD3347F00B7D8B2 /* AppleMusicHomeView.swift in Sources */,
				965E573C2BC5097C00E172B3 /* DropDownView.swift in Sources */,
				9603C9F92B8AB73400F91C21 /* BasicProfileAnimationView.swift in Sources */,
				9621D9612BE5EB6300183CB7 /* DatePickerView.swift in Sources */,
				9603CA012B8ABDCD00F91C21 /* AnchorKey.swift in Sources */,
				968D2EA02B8EB69800007734 /* AnimatedTabView.swift in Sources */,
			);
			runOnlyForDeploymentPostprocessing = 0;
		};
/* End PBXSourcesBuildPhase section */

/* Begin XCBuildConfiguration section */
		961F3B972B8818250055D79B /* Debug */ = {
			isa = XCBuildConfiguration;
			buildSettings = {
				ALWAYS_SEARCH_USER_PATHS = NO;
				ASSETCATALOG_COMPILER_GENERATE_SWIFT_ASSET_SYMBOL_EXTENSIONS = YES;
				CLANG_ANALYZER_NONNULL = YES;
				CLANG_ANALYZER_NUMBER_OBJECT_CONVERSION = YES_AGGRESSIVE;
				CLANG_CXX_LANGUAGE_STANDARD = "gnu++20";
				CLANG_ENABLE_MODULES = YES;
				CLANG_ENABLE_OBJC_ARC = YES;
				CLANG_ENABLE_OBJC_WEAK = YES;
				CLANG_WARN_BLOCK_CAPTURE_AUTORELEASING = YES;
				CLANG_WARN_BOOL_CONVERSION = YES;
				CLANG_WARN_COMMA = YES;
				CLANG_WARN_CONSTANT_CONVERSION = YES;
				CLANG_WARN_DEPRECATED_OBJC_IMPLEMENTATIONS = YES;
				CLANG_WARN_DIRECT_OBJC_ISA_USAGE = YES_ERROR;
				CLANG_WARN_DOCUMENTATION_COMMENTS = YES;
				CLANG_WARN_EMPTY_BODY = YES;
				CLANG_WARN_ENUM_CONVERSION = YES;
				CLANG_WARN_INFINITE_RECURSION = YES;
				CLANG_WARN_INT_CONVERSION = YES;
				CLANG_WARN_NON_LITERAL_NULL_CONVERSION = YES;
				CLANG_WARN_OBJC_IMPLICIT_RETAIN_SELF = YES;
				CLANG_WARN_OBJC_LITERAL_CONVERSION = YES;
				CLANG_WARN_OBJC_ROOT_CLASS = YES_ERROR;
				CLANG_WARN_QUOTED_INCLUDE_IN_FRAMEWORK_HEADER = YES;
				CLANG_WARN_RANGE_LOOP_ANALYSIS = YES;
				CLANG_WARN_STRICT_PROTOTYPES = YES;
				CLANG_WARN_SUSPICIOUS_MOVE = YES;
				CLANG_WARN_UNGUARDED_AVAILABILITY = YES_AGGRESSIVE;
				CLANG_WARN_UNREACHABLE_CODE = YES;
				CLANG_WARN__DUPLICATE_METHOD_MATCH = YES;
				COPY_PHASE_STRIP = NO;
				DEBUG_INFORMATION_FORMAT = dwarf;
				ENABLE_STRICT_OBJC_MSGSEND = YES;
				ENABLE_TESTABILITY = YES;
				ENABLE_USER_SCRIPT_SANDBOXING = YES;
				GCC_C_LANGUAGE_STANDARD = gnu17;
				GCC_DYNAMIC_NO_PIC = NO;
				GCC_NO_COMMON_BLOCKS = YES;
				GCC_OPTIMIZATION_LEVEL = 0;
				GCC_PREPROCESSOR_DEFINITIONS = (
					"DEBUG=1",
					"$(inherited)",
				);
				GCC_WARN_64_TO_32_BIT_CONVERSION = YES;
				GCC_WARN_ABOUT_RETURN_TYPE = YES_ERROR;
				GCC_WARN_UNDECLARED_SELECTOR = YES;
				GCC_WARN_UNINITIALIZED_AUTOS = YES_AGGRESSIVE;
				GCC_WARN_UNUSED_FUNCTION = YES;
				GCC_WARN_UNUSED_VARIABLE = YES;
				IPHONEOS_DEPLOYMENT_TARGET = 17.2;
				LOCALIZATION_PREFERS_STRING_CATALOGS = YES;
				MTL_ENABLE_DEBUG_INFO = INCLUDE_SOURCE;
				MTL_FAST_MATH = YES;
				ONLY_ACTIVE_ARCH = YES;
				SDKROOT = iphoneos;
				SWIFT_ACTIVE_COMPILATION_CONDITIONS = "DEBUG $(inherited)";
				SWIFT_OPTIMIZATION_LEVEL = "-Onone";
			};
			name = Debug;
		};
		961F3B982B8818250055D79B /* Release */ = {
			isa = XCBuildConfiguration;
			buildSettings = {
				ALWAYS_SEARCH_USER_PATHS = NO;
				ASSETCATALOG_COMPILER_GENERATE_SWIFT_ASSET_SYMBOL_EXTENSIONS = YES;
				CLANG_ANALYZER_NONNULL = YES;
				CLANG_ANALYZER_NUMBER_OBJECT_CONVERSION = YES_AGGRESSIVE;
				CLANG_CXX_LANGUAGE_STANDARD = "gnu++20";
				CLANG_ENABLE_MODULES = YES;
				CLANG_ENABLE_OBJC_ARC = YES;
				CLANG_ENABLE_OBJC_WEAK = YES;
				CLANG_WARN_BLOCK_CAPTURE_AUTORELEASING = YES;
				CLANG_WARN_BOOL_CONVERSION = YES;
				CLANG_WARN_COMMA = YES;
				CLANG_WARN_CONSTANT_CONVERSION = YES;
				CLANG_WARN_DEPRECATED_OBJC_IMPLEMENTATIONS = YES;
				CLANG_WARN_DIRECT_OBJC_ISA_USAGE = YES_ERROR;
				CLANG_WARN_DOCUMENTATION_COMMENTS = YES;
				CLANG_WARN_EMPTY_BODY = YES;
				CLANG_WARN_ENUM_CONVERSION = YES;
				CLANG_WARN_INFINITE_RECURSION = YES;
				CLANG_WARN_INT_CONVERSION = YES;
				CLANG_WARN_NON_LITERAL_NULL_CONVERSION = YES;
				CLANG_WARN_OBJC_IMPLICIT_RETAIN_SELF = YES;
				CLANG_WARN_OBJC_LITERAL_CONVERSION = YES;
				CLANG_WARN_OBJC_ROOT_CLASS = YES_ERROR;
				CLANG_WARN_QUOTED_INCLUDE_IN_FRAMEWORK_HEADER = YES;
				CLANG_WARN_RANGE_LOOP_ANALYSIS = YES;
				CLANG_WARN_STRICT_PROTOTYPES = YES;
				CLANG_WARN_SUSPICIOUS_MOVE = YES;
				CLANG_WARN_UNGUARDED_AVAILABILITY = YES_AGGRESSIVE;
				CLANG_WARN_UNREACHABLE_CODE = YES;
				CLANG_WARN__DUPLICATE_METHOD_MATCH = YES;
				COPY_PHASE_STRIP = NO;
				DEBUG_INFORMATION_FORMAT = "dwarf-with-dsym";
				ENABLE_NS_ASSERTIONS = NO;
				ENABLE_STRICT_OBJC_MSGSEND = YES;
				ENABLE_USER_SCRIPT_SANDBOXING = YES;
				GCC_C_LANGUAGE_STANDARD = gnu17;
				GCC_NO_COMMON_BLOCKS = YES;
				GCC_WARN_64_TO_32_BIT_CONVERSION = YES;
				GCC_WARN_ABOUT_RETURN_TYPE = YES_ERROR;
				GCC_WARN_UNDECLARED_SELECTOR = YES;
				GCC_WARN_UNINITIALIZED_AUTOS = YES_AGGRESSIVE;
				GCC_WARN_UNUSED_FUNCTION = YES;
				GCC_WARN_UNUSED_VARIABLE = YES;
				IPHONEOS_DEPLOYMENT_TARGET = 17.2;
				LOCALIZATION_PREFERS_STRING_CATALOGS = YES;
				MTL_ENABLE_DEBUG_INFO = NO;
				MTL_FAST_MATH = YES;
				SDKROOT = iphoneos;
				SWIFT_COMPILATION_MODE = wholemodule;
				VALIDATE_PRODUCT = YES;
			};
			name = Release;
		};
		961F3B9A2B8818250055D79B /* Debug */ = {
			isa = XCBuildConfiguration;
			buildSettings = {
				ASSETCATALOG_COMPILER_APPICON_NAME = AppIcon;
				ASSETCATALOG_COMPILER_GLOBAL_ACCENT_COLOR_NAME = AccentColor;
				CODE_SIGN_STYLE = Automatic;
				CURRENT_PROJECT_VERSION = 1;
				DEVELOPMENT_ASSET_PATHS = "\"animation/Preview Content\"";
				ENABLE_PREVIEWS = YES;
				GENERATE_INFOPLIST_FILE = YES;
				INFOPLIST_KEY_UIApplicationSceneManifest_Generation = YES;
				INFOPLIST_KEY_UIApplicationSupportsIndirectInputEvents = YES;
				INFOPLIST_KEY_UILaunchScreen_Generation = YES;
				INFOPLIST_KEY_UISupportedInterfaceOrientations_iPad = "UIInterfaceOrientationPortrait UIInterfaceOrientationPortraitUpsideDown UIInterfaceOrientationLandscapeLeft UIInterfaceOrientationLandscapeRight";
				INFOPLIST_KEY_UISupportedInterfaceOrientations_iPhone = "UIInterfaceOrientationPortrait UIInterfaceOrientationLandscapeLeft UIInterfaceOrientationLandscapeRight";
				LD_RUNPATH_SEARCH_PATHS = (
					"$(inherited)",
					"@executable_path/Frameworks",
				);
				MARKETING_VERSION = 1.0;
				PRODUCT_BUNDLE_IDENTIFIER = nanachi.animation;
				PRODUCT_NAME = "$(TARGET_NAME)";
				SWIFT_EMIT_LOC_STRINGS = YES;
				SWIFT_VERSION = 5.0;
				TARGETED_DEVICE_FAMILY = "1,2";
			};
			name = Debug;
		};
		961F3B9B2B8818250055D79B /* Release */ = {
			isa = XCBuildConfiguration;
			buildSettings = {
				ASSETCATALOG_COMPILER_APPICON_NAME = AppIcon;
				ASSETCATALOG_COMPILER_GLOBAL_ACCENT_COLOR_NAME = AccentColor;
				CODE_SIGN_STYLE = Automatic;
				CURRENT_PROJECT_VERSION = 1;
				DEVELOPMENT_ASSET_PATHS = "\"animation/Preview Content\"";
				ENABLE_PREVIEWS = YES;
				GENERATE_INFOPLIST_FILE = YES;
				INFOPLIST_KEY_UIApplicationSceneManifest_Generation = YES;
				INFOPLIST_KEY_UIApplicationSupportsIndirectInputEvents = YES;
				INFOPLIST_KEY_UILaunchScreen_Generation = YES;
				INFOPLIST_KEY_UISupportedInterfaceOrientations_iPad = "UIInterfaceOrientationPortrait UIInterfaceOrientationPortraitUpsideDown UIInterfaceOrientationLandscapeLeft UIInterfaceOrientationLandscapeRight";
				INFOPLIST_KEY_UISupportedInterfaceOrientations_iPhone = "UIInterfaceOrientationPortrait UIInterfaceOrientationLandscapeLeft UIInterfaceOrientationLandscapeRight";
				LD_RUNPATH_SEARCH_PATHS = (
					"$(inherited)",
					"@executable_path/Frameworks",
				);
				MARKETING_VERSION = 1.0;
				PRODUCT_BUNDLE_IDENTIFIER = nanachi.animation;
				PRODUCT_NAME = "$(TARGET_NAME)";
				SWIFT_EMIT_LOC_STRINGS = YES;
				SWIFT_VERSION = 5.0;
				TARGETED_DEVICE_FAMILY = "1,2";
			};
			name = Release;
		};
/* End XCBuildConfiguration section */

/* Begin XCConfigurationList section */
		961F3B862B8818240055D79B /* Build configuration list for PBXProject "animation" */ = {
			isa = XCConfigurationList;
			buildConfigurations = (
				961F3B972B8818250055D79B /* Debug */,
				961F3B982B8818250055D79B /* Release */,
			);
			defaultConfigurationIsVisible = 0;
			defaultConfigurationName = Release;
		};
		961F3B992B8818250055D79B /* Build configuration list for PBXNativeTarget "animation" */ = {
			isa = XCConfigurationList;
			buildConfigurations = (
				961F3B9A2B8818250055D79B /* Debug */,
				961F3B9B2B8818250055D79B /* Release */,
			);
			defaultConfigurationIsVisible = 0;
			defaultConfigurationName = Release;
		};
/* End XCConfigurationList section */
	};
	rootObject = 961F3B832B8818240055D79B /* Project object */;
}
